// !$*UTF8*$!
{
	archiveVersion = 1;
	classes = {
	};
	objectVersion = 50;
	objects = {

/* Begin PBXBuildFile section */
		814BE9C024000C610046DB57 /* main.cpp in Sources */ = {isa = PBXBuildFile; fileRef = 814BE9BF24000C610046DB57 /* main.cpp */; };
		814BE9CB24003D390046DB57 /* main.cpp in Sources */ = {isa = PBXBuildFile; fileRef = 814BE9CA24003D390046DB57 /* main.cpp */; };
		814BE9D624015EF60046DB57 /* main.cpp in Sources */ = {isa = PBXBuildFile; fileRef = 814BE9D524015EF60046DB57 /* main.cpp */; };
		814BE9E12401607E0046DB57 /* main.cpp in Sources */ = {isa = PBXBuildFile; fileRef = 814BE9E02401607E0046DB57 /* main.cpp */; };
		814BE9EC240179500046DB57 /* main.cpp in Sources */ = {isa = PBXBuildFile; fileRef = 814BE9EB240179500046DB57 /* main.cpp */; };
		814BE9F72401874D0046DB57 /* main.cpp in Sources */ = {isa = PBXBuildFile; fileRef = 814BE9F62401874D0046DB57 /* main.cpp */; };
		814BEA0224018FEF0046DB57 /* main.cpp in Sources */ = {isa = PBXBuildFile; fileRef = 814BEA0124018FEF0046DB57 /* main.cpp */; };
		81720D4D23FAC3CF0026D1EE /* main.cpp in Sources */ = {isa = PBXBuildFile; fileRef = 81720D4C23FAC3CF0026D1EE /* main.cpp */; };
		81720D5A23FAC3F90026D1EE /* main.cpp in Sources */ = {isa = PBXBuildFile; fileRef = 81720D5923FAC3F90026D1EE /* main.cpp */; };
		81720D6523FAEB340026D1EE /* main.cpp in Sources */ = {isa = PBXBuildFile; fileRef = 81720D6423FAEB340026D1EE /* main.cpp */; };
		81720D7023FAED080026D1EE /* main.cpp in Sources */ = {isa = PBXBuildFile; fileRef = 81720D6F23FAED080026D1EE /* main.cpp */; };
		81720D7B23FD7AAE0026D1EE /* main.cpp in Sources */ = {isa = PBXBuildFile; fileRef = 81720D7A23FD7AAE0026D1EE /* main.cpp */; };
		81720D8623FD856A0026D1EE /* main.cpp in Sources */ = {isa = PBXBuildFile; fileRef = 81720D8523FD856A0026D1EE /* main.cpp */; };
		81720D9123FD96620026D1EE /* main.cpp in Sources */ = {isa = PBXBuildFile; fileRef = 81720D9023FD96620026D1EE /* main.cpp */; };
		81720D9F23FEC93A0026D1EE /* main.cpp in Sources */ = {isa = PBXBuildFile; fileRef = 81720D9E23FEC93A0026D1EE /* main.cpp */; };
		81DBF1C424056EDA00F6344F /* main.cpp in Sources */ = {isa = PBXBuildFile; fileRef = 81DBF1C324056EDA00F6344F /* main.cpp */; };
		81DBF1CF240573AD00F6344F /* main.cpp in Sources */ = {isa = PBXBuildFile; fileRef = 81DBF1CE240573AD00F6344F /* main.cpp */; };
		81DBF1DA24057E6D00F6344F /* main.cpp in Sources */ = {isa = PBXBuildFile; fileRef = 81DBF1D924057E6D00F6344F /* main.cpp */; };
		81DBF1E52406B5B600F6344F /* main.cpp in Sources */ = {isa = PBXBuildFile; fileRef = 81DBF1E42406B5B600F6344F /* main.cpp */; };
		81DBF1F02408004B00F6344F /* main.cpp in Sources */ = {isa = PBXBuildFile; fileRef = 81DBF1EF2408004B00F6344F /* main.cpp */; };
		81DBF1FB2408063B00F6344F /* main.cpp in Sources */ = {isa = PBXBuildFile; fileRef = 81DBF1FA2408063B00F6344F /* main.cpp */; };
		81FEE252240A980C00DFAD0E /* main.cpp in Sources */ = {isa = PBXBuildFile; fileRef = 81FEE251240A980C00DFAD0E /* main.cpp */; };
		81FEE25D240AA83900DFAD0E /* main.cpp in Sources */ = {isa = PBXBuildFile; fileRef = 81FEE25C240AA83900DFAD0E /* main.cpp */; };
/* End PBXBuildFile section */

/* Begin PBXCopyFilesBuildPhase section */
		814BE9BB24000C610046DB57 /* CopyFiles */ = {
			isa = PBXCopyFilesBuildPhase;
			buildActionMask = 2147483647;
			dstPath = /usr/share/man/man1/;
			dstSubfolderSpec = 0;
			files = (
			);
			runOnlyForDeploymentPostprocessing = 1;
		};
		814BE9C624003D390046DB57 /* CopyFiles */ = {
			isa = PBXCopyFilesBuildPhase;
			buildActionMask = 2147483647;
			dstPath = /usr/share/man/man1/;
			dstSubfolderSpec = 0;
			files = (
			);
			runOnlyForDeploymentPostprocessing = 1;
		};
		814BE9D124015EF60046DB57 /* CopyFiles */ = {
			isa = PBXCopyFilesBuildPhase;
			buildActionMask = 2147483647;
			dstPath = /usr/share/man/man1/;
			dstSubfolderSpec = 0;
			files = (
			);
			runOnlyForDeploymentPostprocessing = 1;
		};
		814BE9DC2401607E0046DB57 /* CopyFiles */ = {
			isa = PBXCopyFilesBuildPhase;
			buildActionMask = 2147483647;
			dstPath = /usr/share/man/man1/;
			dstSubfolderSpec = 0;
			files = (
			);
			runOnlyForDeploymentPostprocessing = 1;
		};
		814BE9E7240179500046DB57 /* CopyFiles */ = {
			isa = PBXCopyFilesBuildPhase;
			buildActionMask = 2147483647;
			dstPath = /usr/share/man/man1/;
			dstSubfolderSpec = 0;
			files = (
			);
			runOnlyForDeploymentPostprocessing = 1;
		};
		814BE9F22401874D0046DB57 /* CopyFiles */ = {
			isa = PBXCopyFilesBuildPhase;
			buildActionMask = 2147483647;
			dstPath = /usr/share/man/man1/;
			dstSubfolderSpec = 0;
			files = (
			);
			runOnlyForDeploymentPostprocessing = 1;
		};
		814BE9FD24018FEF0046DB57 /* CopyFiles */ = {
			isa = PBXCopyFilesBuildPhase;
			buildActionMask = 2147483647;
			dstPath = /usr/share/man/man1/;
			dstSubfolderSpec = 0;
			files = (
			);
			runOnlyForDeploymentPostprocessing = 1;
		};
		81720D4723FAC3CF0026D1EE /* CopyFiles */ = {
			isa = PBXCopyFilesBuildPhase;
			buildActionMask = 2147483647;
			dstPath = /usr/share/man/man1/;
			dstSubfolderSpec = 0;
			files = (
			);
			runOnlyForDeploymentPostprocessing = 1;
		};
		81720D5523FAC3F90026D1EE /* CopyFiles */ = {
			isa = PBXCopyFilesBuildPhase;
			buildActionMask = 2147483647;
			dstPath = /usr/share/man/man1/;
			dstSubfolderSpec = 0;
			files = (
			);
			runOnlyForDeploymentPostprocessing = 1;
		};
		81720D6023FAEB340026D1EE /* CopyFiles */ = {
			isa = PBXCopyFilesBuildPhase;
			buildActionMask = 2147483647;
			dstPath = /usr/share/man/man1/;
			dstSubfolderSpec = 0;
			files = (
			);
			runOnlyForDeploymentPostprocessing = 1;
		};
		81720D6B23FAED080026D1EE /* CopyFiles */ = {
			isa = PBXCopyFilesBuildPhase;
			buildActionMask = 2147483647;
			dstPath = /usr/share/man/man1/;
			dstSubfolderSpec = 0;
			files = (
			);
			runOnlyForDeploymentPostprocessing = 1;
		};
		81720D7623FD7AAE0026D1EE /* CopyFiles */ = {
			isa = PBXCopyFilesBuildPhase;
			buildActionMask = 2147483647;
			dstPath = /usr/share/man/man1/;
			dstSubfolderSpec = 0;
			files = (
			);
			runOnlyForDeploymentPostprocessing = 1;
		};
		81720D8123FD856A0026D1EE /* CopyFiles */ = {
			isa = PBXCopyFilesBuildPhase;
			buildActionMask = 2147483647;
			dstPath = /usr/share/man/man1/;
			dstSubfolderSpec = 0;
			files = (
			);
			runOnlyForDeploymentPostprocessing = 1;
		};
		81720D8C23FD96620026D1EE /* CopyFiles */ = {
			isa = PBXCopyFilesBuildPhase;
			buildActionMask = 2147483647;
			dstPath = /usr/share/man/man1/;
			dstSubfolderSpec = 0;
			files = (
			);
			runOnlyForDeploymentPostprocessing = 1;
		};
		81720D9A23FEC93A0026D1EE /* CopyFiles */ = {
			isa = PBXCopyFilesBuildPhase;
			buildActionMask = 2147483647;
			dstPath = /usr/share/man/man1/;
			dstSubfolderSpec = 0;
			files = (
			);
			runOnlyForDeploymentPostprocessing = 1;
		};
		81DBF1BF24056EDA00F6344F /* CopyFiles */ = {
			isa = PBXCopyFilesBuildPhase;
			buildActionMask = 2147483647;
			dstPath = /usr/share/man/man1/;
			dstSubfolderSpec = 0;
			files = (
			);
			runOnlyForDeploymentPostprocessing = 1;
		};
		81DBF1CA240573AD00F6344F /* CopyFiles */ = {
			isa = PBXCopyFilesBuildPhase;
			buildActionMask = 2147483647;
			dstPath = /usr/share/man/man1/;
			dstSubfolderSpec = 0;
			files = (
			);
			runOnlyForDeploymentPostprocessing = 1;
		};
		81DBF1D524057E6D00F6344F /* CopyFiles */ = {
			isa = PBXCopyFilesBuildPhase;
			buildActionMask = 2147483647;
			dstPath = /usr/share/man/man1/;
			dstSubfolderSpec = 0;
			files = (
			);
			runOnlyForDeploymentPostprocessing = 1;
		};
		81DBF1E02406B5B600F6344F /* CopyFiles */ = {
			isa = PBXCopyFilesBuildPhase;
			buildActionMask = 2147483647;
			dstPath = /usr/share/man/man1/;
			dstSubfolderSpec = 0;
			files = (
			);
			runOnlyForDeploymentPostprocessing = 1;
		};
		81DBF1EB2408004B00F6344F /* CopyFiles */ = {
			isa = PBXCopyFilesBuildPhase;
			buildActionMask = 2147483647;
			dstPath = /usr/share/man/man1/;
			dstSubfolderSpec = 0;
			files = (
			);
			runOnlyForDeploymentPostprocessing = 1;
		};
		81DBF1F62408063B00F6344F /* CopyFiles */ = {
			isa = PBXCopyFilesBuildPhase;
			buildActionMask = 2147483647;
			dstPath = /usr/share/man/man1/;
			dstSubfolderSpec = 0;
			files = (
			);
			runOnlyForDeploymentPostprocessing = 1;
		};
		81FEE24D240A980C00DFAD0E /* CopyFiles */ = {
			isa = PBXCopyFilesBuildPhase;
			buildActionMask = 2147483647;
			dstPath = /usr/share/man/man1/;
			dstSubfolderSpec = 0;
			files = (
			);
			runOnlyForDeploymentPostprocessing = 1;
		};
		81FEE258240AA83900DFAD0E /* CopyFiles */ = {
			isa = PBXCopyFilesBuildPhase;
			buildActionMask = 2147483647;
			dstPath = /usr/share/man/man1/;
			dstSubfolderSpec = 0;
			files = (
			);
			runOnlyForDeploymentPostprocessing = 1;
		};
/* End PBXCopyFilesBuildPhase section */

/* Begin PBXFileReference section */
		814BE9BD24000C610046DB57 /* 2_2  类型转换 */ = {isa = PBXFileReference; explicitFileType = "compiled.mach-o.executable"; includeInIndex = 0; path = "2_2  类型转换"; sourceTree = BUILT_PRODUCTS_DIR; };
		814BE9BF24000C610046DB57 /* main.cpp */ = {isa = PBXFileReference; lastKnownFileType = sourcecode.cpp.cpp; path = main.cpp; sourceTree = "<group>"; };
		814BE9C824003D390046DB57 /* 2_3  异常机制 */ = {isa = PBXFileReference; explicitFileType = "compiled.mach-o.executable"; includeInIndex = 0; path = "2_3  异常机制"; sourceTree = BUILT_PRODUCTS_DIR; };
		814BE9CA24003D390046DB57 /* main.cpp */ = {isa = PBXFileReference; lastKnownFileType = sourcecode.cpp.cpp; path = main.cpp; sourceTree = "<group>"; };
		814BE9D324015EF60046DB57 /* 2_4  栈解旋(unwinding) */ = {isa = PBXFileReference; explicitFileType = "compiled.mach-o.executable"; includeInIndex = 0; path = "2_4  栈解旋(unwinding)"; sourceTree = BUILT_PRODUCTS_DIR; };
		814BE9D524015EF60046DB57 /* main.cpp */ = {isa = PBXFileReference; lastKnownFileType = sourcecode.cpp.cpp; path = main.cpp; sourceTree = "<group>"; };
		814BE9DE2401607E0046DB57 /* 2_5  异常接口声明 */ = {isa = PBXFileReference; explicitFileType = "compiled.mach-o.executable"; includeInIndex = 0; path = "2_5  异常接口声明"; sourceTree = BUILT_PRODUCTS_DIR; };
		814BE9E02401607E0046DB57 /* main.cpp */ = {isa = PBXFileReference; lastKnownFileType = sourcecode.cpp.cpp; path = main.cpp; sourceTree = "<group>"; };
		814BE9E9240179500046DB57 /* 2_6  异常类型和异常对象生命周期 */ = {isa = PBXFileReference; explicitFileType = "compiled.mach-o.executable"; includeInIndex = 0; path = "2_6  异常类型和异常对象生命周期"; sourceTree = BUILT_PRODUCTS_DIR; };
		814BE9EB240179500046DB57 /* main.cpp */ = {isa = PBXFileReference; lastKnownFileType = sourcecode.cpp.cpp; path = main.cpp; sourceTree = "<group>"; };
		814BE9F42401874D0046DB57 /* 2_7  继承标准库异常 */ = {isa = PBXFileReference; explicitFileType = "compiled.mach-o.executable"; includeInIndex = 0; path = "2_7  继承标准库异常"; sourceTree = BUILT_PRODUCTS_DIR; };
		814BE9F62401874D0046DB57 /* main.cpp */ = {isa = PBXFileReference; lastKnownFileType = sourcecode.cpp.cpp; path = main.cpp; sourceTree = "<group>"; };
		814BE9FF24018FEF0046DB57 /* 2_8  继承在异常中的应用 */ = {isa = PBXFileReference; explicitFileType = "compiled.mach-o.executable"; includeInIndex = 0; path = "2_8  继承在异常中的应用"; sourceTree = BUILT_PRODUCTS_DIR; };
		814BEA0124018FEF0046DB57 /* main.cpp */ = {isa = PBXFileReference; lastKnownFileType = sourcecode.cpp.cpp; path = main.cpp; sourceTree = "<group>"; };
		81720D4923FAC3CF0026D1EE /* STL */ = {isa = PBXFileReference; explicitFileType = "compiled.mach-o.executable"; includeInIndex = 0; path = STL; sourceTree = BUILT_PRODUCTS_DIR; };
		81720D4C23FAC3CF0026D1EE /* main.cpp */ = {isa = PBXFileReference; lastKnownFileType = sourcecode.cpp.cpp; path = main.cpp; sourceTree = "<group>"; };
		81720D5723FAC3F90026D1EE /* 1_1  模板 */ = {isa = PBXFileReference; explicitFileType = "compiled.mach-o.executable"; includeInIndex = 0; path = "1_1  模板"; sourceTree = BUILT_PRODUCTS_DIR; };
		81720D5923FAC3F90026D1EE /* main.cpp */ = {isa = PBXFileReference; lastKnownFileType = sourcecode.cpp.cpp; path = main.cpp; sourceTree = "<group>"; };
		81720D6223FAEB340026D1EE /* 1_2  类模板 */ = {isa = PBXFileReference; explicitFileType = "compiled.mach-o.executable"; includeInIndex = 0; path = "1_2  类模板"; sourceTree = BUILT_PRODUCTS_DIR; };
		81720D6423FAEB340026D1EE /* main.cpp */ = {isa = PBXFileReference; lastKnownFileType = sourcecode.cpp.cpp; path = main.cpp; sourceTree = "<group>"; };
		81720D6D23FAED080026D1EE /* 1_3  强化练习：模板实现排序 */ = {isa = PBXFileReference; explicitFileType = "compiled.mach-o.executable"; includeInIndex = 0; path = "1_3  强化练习：模板实现排序"; sourceTree = BUILT_PRODUCTS_DIR; };
		81720D6F23FAED080026D1EE /* main.cpp */ = {isa = PBXFileReference; lastKnownFileType = sourcecode.cpp.cpp; path = main.cpp; sourceTree = "<group>"; };
		81720D7823FD7AAE0026D1EE /* 1_4  类模板派生普通类 */ = {isa = PBXFileReference; explicitFileType = "compiled.mach-o.executable"; includeInIndex = 0; path = "1_4  类模板派生普通类"; sourceTree = BUILT_PRODUCTS_DIR; };
		81720D7A23FD7AAE0026D1EE /* main.cpp */ = {isa = PBXFileReference; lastKnownFileType = sourcecode.cpp.cpp; path = main.cpp; sourceTree = "<group>"; };
		81720D8323FD856A0026D1EE /* 1_5  类模板外部实现 */ = {isa = PBXFileReference; explicitFileType = "compiled.mach-o.executable"; includeInIndex = 0; path = "1_5  类模板外部实现"; sourceTree = BUILT_PRODUCTS_DIR; };
		81720D8523FD856A0026D1EE /* main.cpp */ = {isa = PBXFileReference; lastKnownFileType = sourcecode.cpp.cpp; path = main.cpp; sourceTree = "<group>"; };
		81720D8E23FD96620026D1EE /* 1_6  类模板外部实现（多文件） */ = {isa = PBXFileReference; explicitFileType = "compiled.mach-o.executable"; includeInIndex = 0; path = "1_6  类模板外部实现（多文件）"; sourceTree = BUILT_PRODUCTS_DIR; };
		81720D9023FD96620026D1EE /* main.cpp */ = {isa = PBXFileReference; lastKnownFileType = sourcecode.cpp.cpp; path = main.cpp; sourceTree = "<group>"; };
		81720D9623FD967E0026D1EE /* Person.hpp */ = {isa = PBXFileReference; lastKnownFileType = sourcecode.cpp.h; path = Person.hpp; sourceTree = "<group>"; };
		81720D9C23FEC93A0026D1EE /* 2_1  MyArray框架实现 */ = {isa = PBXFileReference; explicitFileType = "compiled.mach-o.executable"; includeInIndex = 0; path = "2_1  MyArray框架实现"; sourceTree = BUILT_PRODUCTS_DIR; };
		81720D9E23FEC93A0026D1EE /* main.cpp */ = {isa = PBXFileReference; lastKnownFileType = sourcecode.cpp.cpp; path = main.cpp; sourceTree = "<group>"; };
		81DBF1C124056EDA00F6344F /* 3_1  输入和输出流 */ = {isa = PBXFileReference; explicitFileType = "compiled.mach-o.executable"; includeInIndex = 0; path = "3_1  输入和输出流"; sourceTree = BUILT_PRODUCTS_DIR; };
		81DBF1C324056EDA00F6344F /* main.cpp */ = {isa = PBXFileReference; lastKnownFileType = sourcecode.cpp.cpp; path = main.cpp; sourceTree = "<group>"; };
		81DBF1CC240573AD00F6344F /* 3_2  标准输入流 */ = {isa = PBXFileReference; explicitFileType = "compiled.mach-o.executable"; includeInIndex = 0; path = "3_2  标准输入流"; sourceTree = BUILT_PRODUCTS_DIR; };
		81DBF1CE240573AD00F6344F /* main.cpp */ = {isa = PBXFileReference; lastKnownFileType = sourcecode.cpp.cpp; path = main.cpp; sourceTree = "<group>"; };
		81DBF1D724057E6D00F6344F /* 3_3  标准输出流 */ = {isa = PBXFileReference; explicitFileType = "compiled.mach-o.executable"; includeInIndex = 0; path = "3_3  标准输出流"; sourceTree = BUILT_PRODUCTS_DIR; };
		81DBF1D924057E6D00F6344F /* main.cpp */ = {isa = PBXFileReference; lastKnownFileType = sourcecode.cpp.cpp; path = main.cpp; sourceTree = "<group>"; };
		81DBF1E22406B5B600F6344F /* 3_4  文件的读写 */ = {isa = PBXFileReference; explicitFileType = "compiled.mach-o.executable"; includeInIndex = 0; path = "3_4  文件的读写"; sourceTree = BUILT_PRODUCTS_DIR; };
		81DBF1E42406B5B600F6344F /* main.cpp */ = {isa = PBXFileReference; lastKnownFileType = sourcecode.cpp.cpp; path = main.cpp; sourceTree = "<group>"; };
		81DBF1ED2408004B00F6344F /* 3_5  迭代器案例 */ = {isa = PBXFileReference; explicitFileType = "compiled.mach-o.executable"; includeInIndex = 0; path = "3_5  迭代器案例"; sourceTree = BUILT_PRODUCTS_DIR; };
		81DBF1EF2408004B00F6344F /* main.cpp */ = {isa = PBXFileReference; lastKnownFileType = sourcecode.cpp.cpp; path = main.cpp; sourceTree = "<group>"; };
		81DBF1F82408063B00F6344F /* 3_6  STL HelloWorld */ = {isa = PBXFileReference; explicitFileType = "compiled.mach-o.executable"; includeInIndex = 0; path = "3_6  STL HelloWorld"; sourceTree = BUILT_PRODUCTS_DIR; };
		81DBF1FA2408063B00F6344F /* main.cpp */ = {isa = PBXFileReference; lastKnownFileType = sourcecode.cpp.cpp; path = main.cpp; sourceTree = "<group>"; };
		81FEE24F240A980C00DFAD0E /* 3_7  String容器 */ = {isa = PBXFileReference; explicitFileType = "compiled.mach-o.executable"; includeInIndex = 0; path = "3_7  String容器"; sourceTree = BUILT_PRODUCTS_DIR; };
		81FEE251240A980C00DFAD0E /* main.cpp */ = {isa = PBXFileReference; lastKnownFileType = sourcecode.cpp.cpp; path = main.cpp; sourceTree = "<group>"; };
		81FEE25A240AA83900DFAD0E /* 3_8  vector动态数组 */ = {isa = PBXFileReference; explicitFileType = "compiled.mach-o.executable"; includeInIndex = 0; path = "3_8  vector动态数组"; sourceTree = BUILT_PRODUCTS_DIR; };
		81FEE25C240AA83900DFAD0E /* main.cpp */ = {isa = PBXFileReference; lastKnownFileType = sourcecode.cpp.cpp; path = main.cpp; sourceTree = "<group>"; };
/* End PBXFileReference section */

/* Begin PBXFrameworksBuildPhase section */
		814BE9BA24000C610046DB57 /* Frameworks */ = {
			isa = PBXFrameworksBuildPhase;
			buildActionMask = 2147483647;
			files = (
			);
			runOnlyForDeploymentPostprocessing = 0;
		};
		814BE9C524003D390046DB57 /* Frameworks */ = {
			isa = PBXFrameworksBuildPhase;
			buildActionMask = 2147483647;
			files = (
			);
			runOnlyForDeploymentPostprocessing = 0;
		};
		814BE9D024015EF60046DB57 /* Frameworks */ = {
			isa = PBXFrameworksBuildPhase;
			buildActionMask = 2147483647;
			files = (
			);
			runOnlyForDeploymentPostprocessing = 0;
		};
		814BE9DB2401607E0046DB57 /* Frameworks */ = {
			isa = PBXFrameworksBuildPhase;
			buildActionMask = 2147483647;
			files = (
			);
			runOnlyForDeploymentPostprocessing = 0;
		};
		814BE9E6240179500046DB57 /* Frameworks */ = {
			isa = PBXFrameworksBuildPhase;
			buildActionMask = 2147483647;
			files = (
			);
			runOnlyForDeploymentPostprocessing = 0;
		};
		814BE9F12401874D0046DB57 /* Frameworks */ = {
			isa = PBXFrameworksBuildPhase;
			buildActionMask = 2147483647;
			files = (
			);
			runOnlyForDeploymentPostprocessing = 0;
		};
		814BE9FC24018FEF0046DB57 /* Frameworks */ = {
			isa = PBXFrameworksBuildPhase;
			buildActionMask = 2147483647;
			files = (
			);
			runOnlyForDeploymentPostprocessing = 0;
		};
		81720D4623FAC3CF0026D1EE /* Frameworks */ = {
			isa = PBXFrameworksBuildPhase;
			buildActionMask = 2147483647;
			files = (
			);
			runOnlyForDeploymentPostprocessing = 0;
		};
		81720D5423FAC3F90026D1EE /* Frameworks */ = {
			isa = PBXFrameworksBuildPhase;
			buildActionMask = 2147483647;
			files = (
			);
			runOnlyForDeploymentPostprocessing = 0;
		};
		81720D5F23FAEB340026D1EE /* Frameworks */ = {
			isa = PBXFrameworksBuildPhase;
			buildActionMask = 2147483647;
			files = (
			);
			runOnlyForDeploymentPostprocessing = 0;
		};
		81720D6A23FAED080026D1EE /* Frameworks */ = {
			isa = PBXFrameworksBuildPhase;
			buildActionMask = 2147483647;
			files = (
			);
			runOnlyForDeploymentPostprocessing = 0;
		};
		81720D7523FD7AAE0026D1EE /* Frameworks */ = {
			isa = PBXFrameworksBuildPhase;
			buildActionMask = 2147483647;
			files = (
			);
			runOnlyForDeploymentPostprocessing = 0;
		};
		81720D8023FD856A0026D1EE /* Frameworks */ = {
			isa = PBXFrameworksBuildPhase;
			buildActionMask = 2147483647;
			files = (
			);
			runOnlyForDeploymentPostprocessing = 0;
		};
		81720D8B23FD96620026D1EE /* Frameworks */ = {
			isa = PBXFrameworksBuildPhase;
			buildActionMask = 2147483647;
			files = (
			);
			runOnlyForDeploymentPostprocessing = 0;
		};
		81720D9923FEC93A0026D1EE /* Frameworks */ = {
			isa = PBXFrameworksBuildPhase;
			buildActionMask = 2147483647;
			files = (
			);
			runOnlyForDeploymentPostprocessing = 0;
		};
		81DBF1BE24056EDA00F6344F /* Frameworks */ = {
			isa = PBXFrameworksBuildPhase;
			buildActionMask = 2147483647;
			files = (
			);
			runOnlyForDeploymentPostprocessing = 0;
		};
		81DBF1C9240573AD00F6344F /* Frameworks */ = {
			isa = PBXFrameworksBuildPhase;
			buildActionMask = 2147483647;
			files = (
			);
			runOnlyForDeploymentPostprocessing = 0;
		};
		81DBF1D424057E6D00F6344F /* Frameworks */ = {
			isa = PBXFrameworksBuildPhase;
			buildActionMask = 2147483647;
			files = (
			);
			runOnlyForDeploymentPostprocessing = 0;
		};
		81DBF1DF2406B5B600F6344F /* Frameworks */ = {
			isa = PBXFrameworksBuildPhase;
			buildActionMask = 2147483647;
			files = (
			);
			runOnlyForDeploymentPostprocessing = 0;
		};
		81DBF1EA2408004B00F6344F /* Frameworks */ = {
			isa = PBXFrameworksBuildPhase;
			buildActionMask = 2147483647;
			files = (
			);
			runOnlyForDeploymentPostprocessing = 0;
		};
		81DBF1F52408063B00F6344F /* Frameworks */ = {
			isa = PBXFrameworksBuildPhase;
			buildActionMask = 2147483647;
			files = (
			);
			runOnlyForDeploymentPostprocessing = 0;
		};
		81FEE24C240A980C00DFAD0E /* Frameworks */ = {
			isa = PBXFrameworksBuildPhase;
			buildActionMask = 2147483647;
			files = (
			);
			runOnlyForDeploymentPostprocessing = 0;
		};
		81FEE257240AA83900DFAD0E /* Frameworks */ = {
			isa = PBXFrameworksBuildPhase;
			buildActionMask = 2147483647;
			files = (
			);
			runOnlyForDeploymentPostprocessing = 0;
		};
/* End PBXFrameworksBuildPhase section */

/* Begin PBXGroup section */
		814BE9BE24000C610046DB57 /* 2_2  类型转换 */ = {
			isa = PBXGroup;
			children = (
				814BE9BF24000C610046DB57 /* main.cpp */,
			);
			path = "2_2  类型转换";
			sourceTree = "<group>";
		};
		814BE9C924003D390046DB57 /* 2_3  异常机制 */ = {
			isa = PBXGroup;
			children = (
				814BE9CA24003D390046DB57 /* main.cpp */,
			);
			path = "2_3  异常机制";
			sourceTree = "<group>";
		};
		814BE9D424015EF60046DB57 /* 2_4  栈解旋(unwinding) */ = {
			isa = PBXGroup;
			children = (
				814BE9D524015EF60046DB57 /* main.cpp */,
			);
			path = "2_4  栈解旋(unwinding)";
			sourceTree = "<group>";
		};
		814BE9DF2401607E0046DB57 /* 2_5  异常接口声明 */ = {
			isa = PBXGroup;
			children = (
				814BE9E02401607E0046DB57 /* main.cpp */,
			);
			path = "2_5  异常接口声明";
			sourceTree = "<group>";
		};
		814BE9EA240179500046DB57 /* 2_6  异常类型和异常对象生命周期 */ = {
			isa = PBXGroup;
			children = (
				814BE9EB240179500046DB57 /* main.cpp */,
			);
			path = "2_6  异常类型和异常对象生命周期";
			sourceTree = "<group>";
		};
		814BE9F52401874D0046DB57 /* 2_7  继承标准库异常 */ = {
			isa = PBXGroup;
			children = (
				814BE9F62401874D0046DB57 /* main.cpp */,
			);
			path = "2_7  继承标准库异常";
			sourceTree = "<group>";
		};
		814BEA0024018FEF0046DB57 /* 2_8  继承在异常中的应用 */ = {
			isa = PBXGroup;
			children = (
				814BEA0124018FEF0046DB57 /* main.cpp */,
			);
			path = "2_8  继承在异常中的应用";
			sourceTree = "<group>";
		};
		81720D4023FAC3CF0026D1EE = {
			isa = PBXGroup;
			children = (
				81720D4B23FAC3CF0026D1EE /* STL */,
				81720D5823FAC3F90026D1EE /* 1_1  函数模板 */,
				81720D6323FAEB340026D1EE /* 1_2  类模板 */,
				81720D6E23FAED080026D1EE /* 1_3  强化练习：模板实现排序 */,
				81720D7923FD7AAE0026D1EE /* 1_4  类模板派生普通类 */,
				81720D8423FD856A0026D1EE /* 1_5  类模板外部实现 */,
				81720D8F23FD96620026D1EE /* 1_6  类模板外部实现（多文件） */,
				81720D9D23FEC93A0026D1EE /* 2_1  MyArray框架实现 */,
				814BE9BE24000C610046DB57 /* 2_2  类型转换 */,
				814BE9C924003D390046DB57 /* 2_3  异常机制 */,
				814BE9D424015EF60046DB57 /* 2_4  栈解旋(unwinding) */,
				814BE9DF2401607E0046DB57 /* 2_5  异常接口声明 */,
				814BE9EA240179500046DB57 /* 2_6  异常类型和异常对象生命周期 */,
				814BE9F52401874D0046DB57 /* 2_7  继承标准库异常 */,
				814BEA0024018FEF0046DB57 /* 2_8  继承在异常中的应用 */,
				81DBF1C224056EDA00F6344F /* 3_1  输入和输出流 */,
				81DBF1CD240573AD00F6344F /* 3_2  标准输入流 */,
				81DBF1D824057E6D00F6344F /* 3_3  标准输出流 */,
				81DBF1E32406B5B600F6344F /* 3_4  文件的读写 */,
				81DBF1EE2408004B00F6344F /* 3_5  迭代器案例 */,
				81DBF1F92408063B00F6344F /* 3_6  STL HelloWorld */,
				81FEE250240A980C00DFAD0E /* 3_7  String容器 */,
				81FEE25B240AA83900DFAD0E /* 3_8  vector动态数组 */,
				81720D4A23FAC3CF0026D1EE /* Products */,
			);
			sourceTree = "<group>";
		};
		81720D4A23FAC3CF0026D1EE /* Products */ = {
			isa = PBXGroup;
			children = (
				81720D4923FAC3CF0026D1EE /* STL */,
				81720D5723FAC3F90026D1EE /* 1_1  模板 */,
				81720D6223FAEB340026D1EE /* 1_2  类模板 */,
				81720D6D23FAED080026D1EE /* 1_3  强化练习：模板实现排序 */,
				81720D7823FD7AAE0026D1EE /* 1_4  类模板派生普通类 */,
				81720D8323FD856A0026D1EE /* 1_5  类模板外部实现 */,
				81720D8E23FD96620026D1EE /* 1_6  类模板外部实现（多文件） */,
				81720D9C23FEC93A0026D1EE /* 2_1  MyArray框架实现 */,
				814BE9BD24000C610046DB57 /* 2_2  类型转换 */,
				814BE9C824003D390046DB57 /* 2_3  异常机制 */,
				814BE9D324015EF60046DB57 /* 2_4  栈解旋(unwinding) */,
				814BE9DE2401607E0046DB57 /* 2_5  异常接口声明 */,
				814BE9E9240179500046DB57 /* 2_6  异常类型和异常对象生命周期 */,
				814BE9F42401874D0046DB57 /* 2_7  继承标准库异常 */,
				814BE9FF24018FEF0046DB57 /* 2_8  继承在异常中的应用 */,
				81DBF1C124056EDA00F6344F /* 3_1  输入和输出流 */,
				81DBF1CC240573AD00F6344F /* 3_2  标准输入流 */,
				81DBF1D724057E6D00F6344F /* 3_3  标准输出流 */,
				81DBF1E22406B5B600F6344F /* 3_4  文件的读写 */,
				81DBF1ED2408004B00F6344F /* 3_5  迭代器案例 */,
				81DBF1F82408063B00F6344F /* 3_6  STL HelloWorld */,
				81FEE24F240A980C00DFAD0E /* 3_7  String容器 */,
				81FEE25A240AA83900DFAD0E /* 3_8  vector动态数组 */,
			);
			name = Products;
			sourceTree = "<group>";
		};
		81720D4B23FAC3CF0026D1EE /* STL */ = {
			isa = PBXGroup;
			children = (
				81720D4C23FAC3CF0026D1EE /* main.cpp */,
			);
			path = STL;
			sourceTree = "<group>";
		};
		81720D5823FAC3F90026D1EE /* 1_1  函数模板 */ = {
			isa = PBXGroup;
			children = (
				81720D5923FAC3F90026D1EE /* main.cpp */,
			);
			path = "1_1  函数模板";
			sourceTree = "<group>";
		};
		81720D6323FAEB340026D1EE /* 1_2  类模板 */ = {
			isa = PBXGroup;
			children = (
				81720D6423FAEB340026D1EE /* main.cpp */,
			);
			path = "1_2  类模板";
			sourceTree = "<group>";
		};
		81720D6E23FAED080026D1EE /* 1_3  强化练习：模板实现排序 */ = {
			isa = PBXGroup;
			children = (
				81720D6F23FAED080026D1EE /* main.cpp */,
			);
			path = "1_3  强化练习：模板实现排序";
			sourceTree = "<group>";
		};
		81720D7923FD7AAE0026D1EE /* 1_4  类模板派生普通类 */ = {
			isa = PBXGroup;
			children = (
				81720D7A23FD7AAE0026D1EE /* main.cpp */,
			);
			path = "1_4  类模板派生普通类";
			sourceTree = "<group>";
		};
		81720D8423FD856A0026D1EE /* 1_5  类模板外部实现 */ = {
			isa = PBXGroup;
			children = (
				81720D8523FD856A0026D1EE /* main.cpp */,
			);
			path = "1_5  类模板外部实现";
			sourceTree = "<group>";
		};
		81720D8F23FD96620026D1EE /* 1_6  类模板外部实现（多文件） */ = {
			isa = PBXGroup;
			children = (
				81720D9023FD96620026D1EE /* main.cpp */,
				81720D9623FD967E0026D1EE /* Person.hpp */,
			);
			path = "1_6  类模板外部实现（多文件）";
			sourceTree = "<group>";
		};
		81720D9D23FEC93A0026D1EE /* 2_1  MyArray框架实现 */ = {
			isa = PBXGroup;
			children = (
				81720D9E23FEC93A0026D1EE /* main.cpp */,
			);
			path = "2_1  MyArray框架实现";
			sourceTree = "<group>";
		};
		81DBF1C224056EDA00F6344F /* 3_1  输入和输出流 */ = {
			isa = PBXGroup;
			children = (
				81DBF1C324056EDA00F6344F /* main.cpp */,
			);
			path = "3_1  输入和输出流";
			sourceTree = "<group>";
		};
		81DBF1CD240573AD00F6344F /* 3_2  标准输入流 */ = {
			isa = PBXGroup;
			children = (
				81DBF1CE240573AD00F6344F /* main.cpp */,
			);
			path = "3_2  标准输入流";
			sourceTree = "<group>";
		};
		81DBF1D824057E6D00F6344F /* 3_3  标准输出流 */ = {
			isa = PBXGroup;
			children = (
				81DBF1D924057E6D00F6344F /* main.cpp */,
			);
			path = "3_3  标准输出流";
			sourceTree = "<group>";
		};
		81DBF1E32406B5B600F6344F /* 3_4  文件的读写 */ = {
			isa = PBXGroup;
			children = (
				81DBF1E42406B5B600F6344F /* main.cpp */,
			);
			path = "3_4  文件的读写";
			sourceTree = "<group>";
		};
		81DBF1EE2408004B00F6344F /* 3_5  迭代器案例 */ = {
			isa = PBXGroup;
			children = (
				81DBF1EF2408004B00F6344F /* main.cpp */,
			);
			path = "3_5  迭代器案例";
			sourceTree = "<group>";
		};
		81DBF1F92408063B00F6344F /* 3_6  STL HelloWorld */ = {
			isa = PBXGroup;
			children = (
				81DBF1FA2408063B00F6344F /* main.cpp */,
			);
			path = "3_6  STL HelloWorld";
			sourceTree = "<group>";
		};
		81FEE250240A980C00DFAD0E /* 3_7  String容器 */ = {
			isa = PBXGroup;
			children = (
				81FEE251240A980C00DFAD0E /* main.cpp */,
			);
			path = "3_7  String容器";
			sourceTree = "<group>";
		};
		81FEE25B240AA83900DFAD0E /* 3_8  vector动态数组 */ = {
			isa = PBXGroup;
			children = (
				81FEE25C240AA83900DFAD0E /* main.cpp */,
			);
			path = "3_8  vector动态数组";
			sourceTree = "<group>";
		};
/* End PBXGroup section */

/* Begin PBXNativeTarget section */
		814BE9BC24000C610046DB57 /* 2_2  类型转换 */ = {
			isa = PBXNativeTarget;
			buildConfigurationList = 814BE9C324000C610046DB57 /* Build configuration list for PBXNativeTarget "2_2  类型转换" */;
			buildPhases = (
				814BE9B924000C610046DB57 /* Sources */,
				814BE9BA24000C610046DB57 /* Frameworks */,
				814BE9BB24000C610046DB57 /* CopyFiles */,
			);
			buildRules = (
			);
			dependencies = (
			);
			name = "2_2  类型转换";
			productName = "2_2  类型转换";
			productReference = 814BE9BD24000C610046DB57 /* 2_2  类型转换 */;
			productType = "com.apple.product-type.tool";
		};
		814BE9C724003D390046DB57 /* 2_3  异常机制 */ = {
			isa = PBXNativeTarget;
			buildConfigurationList = 814BE9CC24003D390046DB57 /* Build configuration list for PBXNativeTarget "2_3  异常机制" */;
			buildPhases = (
				814BE9C424003D390046DB57 /* Sources */,
				814BE9C524003D390046DB57 /* Frameworks */,
				814BE9C624003D390046DB57 /* CopyFiles */,
			);
			buildRules = (
			);
			dependencies = (
			);
			name = "2_3  异常机制";
			productName = "2_3  异常机制";
			productReference = 814BE9C824003D390046DB57 /* 2_3  异常机制 */;
			productType = "com.apple.product-type.tool";
		};
		814BE9D224015EF60046DB57 /* 2_4  栈解旋(unwinding) */ = {
			isa = PBXNativeTarget;
			buildConfigurationList = 814BE9D924015EF60046DB57 /* Build configuration list for PBXNativeTarget "2_4  栈解旋(unwinding)" */;
			buildPhases = (
				814BE9CF24015EF60046DB57 /* Sources */,
				814BE9D024015EF60046DB57 /* Frameworks */,
				814BE9D124015EF60046DB57 /* CopyFiles */,
			);
			buildRules = (
			);
			dependencies = (
			);
			name = "2_4  栈解旋(unwinding)";
			productName = "2_4  栈解旋(unwinding)";
			productReference = 814BE9D324015EF60046DB57 /* 2_4  栈解旋(unwinding) */;
			productType = "com.apple.product-type.tool";
		};
		814BE9DD2401607E0046DB57 /* 2_5  异常接口声明 */ = {
			isa = PBXNativeTarget;
			buildConfigurationList = 814BE9E22401607E0046DB57 /* Build configuration list for PBXNativeTarget "2_5  异常接口声明" */;
			buildPhases = (
				814BE9DA2401607E0046DB57 /* Sources */,
				814BE9DB2401607E0046DB57 /* Frameworks */,
				814BE9DC2401607E0046DB57 /* CopyFiles */,
			);
			buildRules = (
			);
			dependencies = (
			);
			name = "2_5  异常接口声明";
			productName = "2_5  异常接口声明";
			productReference = 814BE9DE2401607E0046DB57 /* 2_5  异常接口声明 */;
			productType = "com.apple.product-type.tool";
		};
		814BE9E8240179500046DB57 /* 2_6  异常类型和异常对象生命周期 */ = {
			isa = PBXNativeTarget;
			buildConfigurationList = 814BE9ED240179500046DB57 /* Build configuration list for PBXNativeTarget "2_6  异常类型和异常对象生命周期" */;
			buildPhases = (
				814BE9E5240179500046DB57 /* Sources */,
				814BE9E6240179500046DB57 /* Frameworks */,
				814BE9E7240179500046DB57 /* CopyFiles */,
			);
			buildRules = (
			);
			dependencies = (
			);
			name = "2_6  异常类型和异常对象生命周期";
			productName = "2_6  异常类型和异常对象生命周期";
			productReference = 814BE9E9240179500046DB57 /* 2_6  异常类型和异常对象生命周期 */;
			productType = "com.apple.product-type.tool";
		};
		814BE9F32401874D0046DB57 /* 2_7  继承标准库异常 */ = {
			isa = PBXNativeTarget;
			buildConfigurationList = 814BE9F82401874D0046DB57 /* Build configuration list for PBXNativeTarget "2_7  继承标准库异常" */;
			buildPhases = (
				814BE9F02401874D0046DB57 /* Sources */,
				814BE9F12401874D0046DB57 /* Frameworks */,
				814BE9F22401874D0046DB57 /* CopyFiles */,
			);
			buildRules = (
			);
			dependencies = (
			);
			name = "2_7  继承标准库异常";
			productName = "2_7  继承标准库异常";
			productReference = 814BE9F42401874D0046DB57 /* 2_7  继承标准库异常 */;
			productType = "com.apple.product-type.tool";
		};
		814BE9FE24018FEF0046DB57 /* 2_8  继承在异常中的应用 */ = {
			isa = PBXNativeTarget;
			buildConfigurationList = 814BEA0324018FEF0046DB57 /* Build configuration list for PBXNativeTarget "2_8  继承在异常中的应用" */;
			buildPhases = (
				814BE9FB24018FEF0046DB57 /* Sources */,
				814BE9FC24018FEF0046DB57 /* Frameworks */,
				814BE9FD24018FEF0046DB57 /* CopyFiles */,
			);
			buildRules = (
			);
			dependencies = (
			);
			name = "2_8  继承在异常中的应用";
			productName = "2_8  继承在异常中的应用";
			productReference = 814BE9FF24018FEF0046DB57 /* 2_8  继承在异常中的应用 */;
			productType = "com.apple.product-type.tool";
		};
		81720D4823FAC3CF0026D1EE /* STL */ = {
			isa = PBXNativeTarget;
			buildConfigurationList = 81720D5023FAC3CF0026D1EE /* Build configuration list for PBXNativeTarget "STL" */;
			buildPhases = (
				81720D4523FAC3CF0026D1EE /* Sources */,
				81720D4623FAC3CF0026D1EE /* Frameworks */,
				81720D4723FAC3CF0026D1EE /* CopyFiles */,
			);
			buildRules = (
			);
			dependencies = (
			);
			name = STL;
			productName = STL;
			productReference = 81720D4923FAC3CF0026D1EE /* STL */;
			productType = "com.apple.product-type.tool";
		};
		81720D5623FAC3F90026D1EE /* 1_1  模板 */ = {
			isa = PBXNativeTarget;
			buildConfigurationList = 81720D5B23FAC3F90026D1EE /* Build configuration list for PBXNativeTarget "1_1  模板" */;
			buildPhases = (
				81720D5323FAC3F90026D1EE /* Sources */,
				81720D5423FAC3F90026D1EE /* Frameworks */,
				81720D5523FAC3F90026D1EE /* CopyFiles */,
			);
			buildRules = (
			);
			dependencies = (
			);
			name = "1_1  模板";
			productName = "1_1  模板";
			productReference = 81720D5723FAC3F90026D1EE /* 1_1  模板 */;
			productType = "com.apple.product-type.tool";
		};
		81720D6123FAEB340026D1EE /* 1_2  类模板 */ = {
			isa = PBXNativeTarget;
			buildConfigurationList = 81720D6623FAEB340026D1EE /* Build configuration list for PBXNativeTarget "1_2  类模板" */;
			buildPhases = (
				81720D5E23FAEB340026D1EE /* Sources */,
				81720D5F23FAEB340026D1EE /* Frameworks */,
				81720D6023FAEB340026D1EE /* CopyFiles */,
			);
			buildRules = (
			);
			dependencies = (
			);
			name = "1_2  类模板";
			productName = "1_2  类模板";
			productReference = 81720D6223FAEB340026D1EE /* 1_2  类模板 */;
			productType = "com.apple.product-type.tool";
		};
		81720D6C23FAED080026D1EE /* 1_3  强化练习：模板实现排序 */ = {
			isa = PBXNativeTarget;
			buildConfigurationList = 81720D7123FAED080026D1EE /* Build configuration list for PBXNativeTarget "1_3  强化练习：模板实现排序" */;
			buildPhases = (
				81720D6923FAED080026D1EE /* Sources */,
				81720D6A23FAED080026D1EE /* Frameworks */,
				81720D6B23FAED080026D1EE /* CopyFiles */,
			);
			buildRules = (
			);
			dependencies = (
			);
			name = "1_3  强化练习：模板实现排序";
			productName = "1_3  强化练习：模板实现排序";
			productReference = 81720D6D23FAED080026D1EE /* 1_3  强化练习：模板实现排序 */;
			productType = "com.apple.product-type.tool";
		};
		81720D7723FD7AAE0026D1EE /* 1_4  类模板派生普通类 */ = {
			isa = PBXNativeTarget;
			buildConfigurationList = 81720D7E23FD7AAE0026D1EE /* Build configuration list for PBXNativeTarget "1_4  类模板派生普通类" */;
			buildPhases = (
				81720D7423FD7AAE0026D1EE /* Sources */,
				81720D7523FD7AAE0026D1EE /* Frameworks */,
				81720D7623FD7AAE0026D1EE /* CopyFiles */,
			);
			buildRules = (
			);
			dependencies = (
			);
			name = "1_4  类模板派生普通类";
			productName = "1_4  类模板派生普通类";
			productReference = 81720D7823FD7AAE0026D1EE /* 1_4  类模板派生普通类 */;
			productType = "com.apple.product-type.tool";
		};
		81720D8223FD856A0026D1EE /* 1_5  类模板外部实现 */ = {
			isa = PBXNativeTarget;
			buildConfigurationList = 81720D8923FD856A0026D1EE /* Build configuration list for PBXNativeTarget "1_5  类模板外部实现" */;
			buildPhases = (
				81720D7F23FD856A0026D1EE /* Sources */,
				81720D8023FD856A0026D1EE /* Frameworks */,
				81720D8123FD856A0026D1EE /* CopyFiles */,
			);
			buildRules = (
			);
			dependencies = (
			);
			name = "1_5  类模板外部实现";
			productName = "1_5  类模板外部实现";
			productReference = 81720D8323FD856A0026D1EE /* 1_5  类模板外部实现 */;
			productType = "com.apple.product-type.tool";
		};
		81720D8D23FD96620026D1EE /* 1_6  类模板外部实现（多文件） */ = {
			isa = PBXNativeTarget;
			buildConfigurationList = 81720D9423FD96620026D1EE /* Build configuration list for PBXNativeTarget "1_6  类模板外部实现（多文件）" */;
			buildPhases = (
				81720D8A23FD96620026D1EE /* Sources */,
				81720D8B23FD96620026D1EE /* Frameworks */,
				81720D8C23FD96620026D1EE /* CopyFiles */,
			);
			buildRules = (
			);
			dependencies = (
			);
			name = "1_6  类模板外部实现（多文件）";
			productName = "1_6  类模板外部实现（多文件）";
			productReference = 81720D8E23FD96620026D1EE /* 1_6  类模板外部实现（多文件） */;
			productType = "com.apple.product-type.tool";
		};
		81720D9B23FEC93A0026D1EE /* 2_1  MyArray框架实现 */ = {
			isa = PBXNativeTarget;
			buildConfigurationList = 81720DA223FEC93A0026D1EE /* Build configuration list for PBXNativeTarget "2_1  MyArray框架实现" */;
			buildPhases = (
				81720D9823FEC93A0026D1EE /* Sources */,
				81720D9923FEC93A0026D1EE /* Frameworks */,
				81720D9A23FEC93A0026D1EE /* CopyFiles */,
			);
			buildRules = (
			);
			dependencies = (
			);
			name = "2_1  MyArray框架实现";
			productName = "2_1  MyArray框架实现";
			productReference = 81720D9C23FEC93A0026D1EE /* 2_1  MyArray框架实现 */;
			productType = "com.apple.product-type.tool";
		};
		81DBF1C024056EDA00F6344F /* 3_1  输入和输出流 */ = {
			isa = PBXNativeTarget;
			buildConfigurationList = 81DBF1C724056EDA00F6344F /* Build configuration list for PBXNativeTarget "3_1  输入和输出流" */;
			buildPhases = (
				81DBF1BD24056EDA00F6344F /* Sources */,
				81DBF1BE24056EDA00F6344F /* Frameworks */,
				81DBF1BF24056EDA00F6344F /* CopyFiles */,
			);
			buildRules = (
			);
			dependencies = (
			);
			name = "3_1  输入和输出流";
			productName = "3_1  输入和输出流";
			productReference = 81DBF1C124056EDA00F6344F /* 3_1  输入和输出流 */;
			productType = "com.apple.product-type.tool";
		};
		81DBF1CB240573AD00F6344F /* 3_2  标准输入流 */ = {
			isa = PBXNativeTarget;
			buildConfigurationList = 81DBF1D0240573AD00F6344F /* Build configuration list for PBXNativeTarget "3_2  标准输入流" */;
			buildPhases = (
				81DBF1C8240573AD00F6344F /* Sources */,
				81DBF1C9240573AD00F6344F /* Frameworks */,
				81DBF1CA240573AD00F6344F /* CopyFiles */,
			);
			buildRules = (
			);
			dependencies = (
			);
			name = "3_2  标准输入流";
			productName = "3_2  标准输入流";
			productReference = 81DBF1CC240573AD00F6344F /* 3_2  标准输入流 */;
			productType = "com.apple.product-type.tool";
		};
		81DBF1D624057E6D00F6344F /* 3_3  标准输出流 */ = {
			isa = PBXNativeTarget;
			buildConfigurationList = 81DBF1DB24057E6D00F6344F /* Build configuration list for PBXNativeTarget "3_3  标准输出流" */;
			buildPhases = (
				81DBF1D324057E6D00F6344F /* Sources */,
				81DBF1D424057E6D00F6344F /* Frameworks */,
				81DBF1D524057E6D00F6344F /* CopyFiles */,
			);
			buildRules = (
			);
			dependencies = (
			);
			name = "3_3  标准输出流";
			productName = "3_3  标准输出流";
			productReference = 81DBF1D724057E6D00F6344F /* 3_3  标准输出流 */;
			productType = "com.apple.product-type.tool";
		};
		81DBF1E12406B5B600F6344F /* 3_4  文件的读写 */ = {
			isa = PBXNativeTarget;
			buildConfigurationList = 81DBF1E82406B5B600F6344F /* Build configuration list for PBXNativeTarget "3_4  文件的读写" */;
			buildPhases = (
				81DBF1DE2406B5B600F6344F /* Sources */,
				81DBF1DF2406B5B600F6344F /* Frameworks */,
				81DBF1E02406B5B600F6344F /* CopyFiles */,
			);
			buildRules = (
			);
			dependencies = (
			);
			name = "3_4  文件的读写";
			productName = "3_4  文件的读写";
			productReference = 81DBF1E22406B5B600F6344F /* 3_4  文件的读写 */;
			productType = "com.apple.product-type.tool";
		};
		81DBF1EC2408004B00F6344F /* 3_5  迭代器案例 */ = {
			isa = PBXNativeTarget;
			buildConfigurationList = 81DBF1F12408004B00F6344F /* Build configuration list for PBXNativeTarget "3_5  迭代器案例" */;
			buildPhases = (
				81DBF1E92408004B00F6344F /* Sources */,
				81DBF1EA2408004B00F6344F /* Frameworks */,
				81DBF1EB2408004B00F6344F /* CopyFiles */,
			);
			buildRules = (
			);
			dependencies = (
			);
			name = "3_5  迭代器案例";
			productName = "3_5  迭代器案例";
			productReference = 81DBF1ED2408004B00F6344F /* 3_5  迭代器案例 */;
			productType = "com.apple.product-type.tool";
		};
		81DBF1F72408063B00F6344F /* 3_6  STL HelloWorld */ = {
			isa = PBXNativeTarget;
			buildConfigurationList = 81DBF1FC2408063B00F6344F /* Build configuration list for PBXNativeTarget "3_6  STL HelloWorld" */;
			buildPhases = (
				81DBF1F42408063B00F6344F /* Sources */,
				81DBF1F52408063B00F6344F /* Frameworks */,
				81DBF1F62408063B00F6344F /* CopyFiles */,
			);
			buildRules = (
			);
			dependencies = (
			);
			name = "3_6  STL HelloWorld";
			productName = "3_6  STL HelloWorld";
			productReference = 81DBF1F82408063B00F6344F /* 3_6  STL HelloWorld */;
			productType = "com.apple.product-type.tool";
		};
		81FEE24E240A980C00DFAD0E /* 3_7  String容器 */ = {
			isa = PBXNativeTarget;
			buildConfigurationList = 81FEE255240A980C00DFAD0E /* Build configuration list for PBXNativeTarget "3_7  String容器" */;
			buildPhases = (
				81FEE24B240A980C00DFAD0E /* Sources */,
				81FEE24C240A980C00DFAD0E /* Frameworks */,
				81FEE24D240A980C00DFAD0E /* CopyFiles */,
			);
			buildRules = (
			);
			dependencies = (
			);
			name = "3_7  String容器";
			productName = "3_7  String容器";
			productReference = 81FEE24F240A980C00DFAD0E /* 3_7  String容器 */;
			productType = "com.apple.product-type.tool";
		};
		81FEE259240AA83900DFAD0E /* 3_8  vector动态数组 */ = {
			isa = PBXNativeTarget;
			buildConfigurationList = 81FEE25E240AA83900DFAD0E /* Build configuration list for PBXNativeTarget "3_8  vector动态数组" */;
			buildPhases = (
				81FEE256240AA83900DFAD0E /* Sources */,
				81FEE257240AA83900DFAD0E /* Frameworks */,
				81FEE258240AA83900DFAD0E /* CopyFiles */,
			);
			buildRules = (
			);
			dependencies = (
			);
			name = "3_8  vector动态数组";
			productName = "3_8  vector动态数组";
			productReference = 81FEE25A240AA83900DFAD0E /* 3_8  vector动态数组 */;
			productType = "com.apple.product-type.tool";
		};
/* End PBXNativeTarget section */

/* Begin PBXProject section */
		81720D4123FAC3CF0026D1EE /* Project object */ = {
			isa = PBXProject;
			attributes = {
				LastUpgradeCheck = 1130;
				ORGANIZATIONNAME = nihaopeng;
				TargetAttributes = {
					814BE9BC24000C610046DB57 = {
						CreatedOnToolsVersion = 11.3.1;
					};
					814BE9C724003D390046DB57 = {
						CreatedOnToolsVersion = 11.3.1;
					};
					814BE9D224015EF60046DB57 = {
						CreatedOnToolsVersion = 11.3.1;
					};
					814BE9DD2401607E0046DB57 = {
						CreatedOnToolsVersion = 11.3.1;
					};
					814BE9E8240179500046DB57 = {
						CreatedOnToolsVersion = 11.3.1;
					};
					814BE9F32401874D0046DB57 = {
						CreatedOnToolsVersion = 11.3.1;
					};
					814BE9FE24018FEF0046DB57 = {
						CreatedOnToolsVersion = 11.3.1;
					};
					81720D4823FAC3CF0026D1EE = {
						CreatedOnToolsVersion = 11.3.1;
					};
					81720D5623FAC3F90026D1EE = {
						CreatedOnToolsVersion = 11.3.1;
					};
					81720D6123FAEB340026D1EE = {
						CreatedOnToolsVersion = 11.3.1;
					};
					81720D6C23FAED080026D1EE = {
						CreatedOnToolsVersion = 11.3.1;
					};
					81720D7723FD7AAE0026D1EE = {
						CreatedOnToolsVersion = 11.3.1;
					};
					81720D8223FD856A0026D1EE = {
						CreatedOnToolsVersion = 11.3.1;
					};
					81720D8D23FD96620026D1EE = {
						CreatedOnToolsVersion = 11.3.1;
					};
					81720D9B23FEC93A0026D1EE = {
						CreatedOnToolsVersion = 11.3.1;
					};
					81DBF1C024056EDA00F6344F = {
						CreatedOnToolsVersion = 11.3.1;
					};
					81DBF1CB240573AD00F6344F = {
						CreatedOnToolsVersion = 11.3.1;
					};
					81DBF1D624057E6D00F6344F = {
						CreatedOnToolsVersion = 11.3.1;
					};
					81DBF1E12406B5B600F6344F = {
						CreatedOnToolsVersion = 11.3.1;
					};
					81DBF1EC2408004B00F6344F = {
						CreatedOnToolsVersion = 11.3.1;
					};
					81DBF1F72408063B00F6344F = {
						CreatedOnToolsVersion = 11.3.1;
					};
					81FEE24E240A980C00DFAD0E = {
						CreatedOnToolsVersion = 11.3.1;
					};
					81FEE259240AA83900DFAD0E = {
						CreatedOnToolsVersion = 11.3.1;
					};
				};
			};
			buildConfigurationList = 81720D4423FAC3CF0026D1EE /* Build configuration list for PBXProject "STL" */;
			compatibilityVersion = "Xcode 9.3";
			developmentRegion = en;
			hasScannedForEncodings = 0;
			knownRegions = (
				en,
				Base,
			);
			mainGroup = 81720D4023FAC3CF0026D1EE;
			productRefGroup = 81720D4A23FAC3CF0026D1EE /* Products */;
			projectDirPath = "";
			projectRoot = "";
			targets = (
				81720D4823FAC3CF0026D1EE /* STL */,
				81720D5623FAC3F90026D1EE /* 1_1  模板 */,
				81720D6123FAEB340026D1EE /* 1_2  类模板 */,
				81720D6C23FAED080026D1EE /* 1_3  强化练习：模板实现排序 */,
				81720D7723FD7AAE0026D1EE /* 1_4  类模板派生普通类 */,
				81720D8223FD856A0026D1EE /* 1_5  类模板外部实现 */,
				81720D8D23FD96620026D1EE /* 1_6  类模板外部实现（多文件） */,
				81720D9B23FEC93A0026D1EE /* 2_1  MyArray框架实现 */,
				814BE9BC24000C610046DB57 /* 2_2  类型转换 */,
				814BE9C724003D390046DB57 /* 2_3  异常机制 */,
				814BE9D224015EF60046DB57 /* 2_4  栈解旋(unwinding) */,
				814BE9DD2401607E0046DB57 /* 2_5  异常接口声明 */,
				814BE9E8240179500046DB57 /* 2_6  异常类型和异常对象生命周期 */,
				814BE9F32401874D0046DB57 /* 2_7  继承标准库异常 */,
				814BE9FE24018FEF0046DB57 /* 2_8  继承在异常中的应用 */,
				81DBF1C024056EDA00F6344F /* 3_1  输入和输出流 */,
				81DBF1CB240573AD00F6344F /* 3_2  标准输入流 */,
				81DBF1D624057E6D00F6344F /* 3_3  标准输出流 */,
				81DBF1E12406B5B600F6344F /* 3_4  文件的读写 */,
				81DBF1EC2408004B00F6344F /* 3_5  迭代器案例 */,
				81DBF1F72408063B00F6344F /* 3_6  STL HelloWorld */,
				81FEE24E240A980C00DFAD0E /* 3_7  String容器 */,
				81FEE259240AA83900DFAD0E /* 3_8  vector动态数组 */,
			);
		};
/* End PBXProject section */

/* Begin PBXSourcesBuildPhase section */
		814BE9B924000C610046DB57 /* Sources */ = {
			isa = PBXSourcesBuildPhase;
			buildActionMask = 2147483647;
			files = (
				814BE9C024000C610046DB57 /* main.cpp in Sources */,
			);
			runOnlyForDeploymentPostprocessing = 0;
		};
		814BE9C424003D390046DB57 /* Sources */ = {
			isa = PBXSourcesBuildPhase;
			buildActionMask = 2147483647;
			files = (
				814BE9CB24003D390046DB57 /* main.cpp in Sources */,
			);
			runOnlyForDeploymentPostprocessing = 0;
		};
		814BE9CF24015EF60046DB57 /* Sources */ = {
			isa = PBXSourcesBuildPhase;
			buildActionMask = 2147483647;
			files = (
				814BE9D624015EF60046DB57 /* main.cpp in Sources */,
			);
			runOnlyForDeploymentPostprocessing = 0;
		};
		814BE9DA2401607E0046DB57 /* Sources */ = {
			isa = PBXSourcesBuildPhase;
			buildActionMask = 2147483647;
			files = (
				814BE9E12401607E0046DB57 /* main.cpp in Sources */,
			);
			runOnlyForDeploymentPostprocessing = 0;
		};
		814BE9E5240179500046DB57 /* Sources */ = {
			isa = PBXSourcesBuildPhase;
			buildActionMask = 2147483647;
			files = (
				814BE9EC240179500046DB57 /* main.cpp in Sources */,
			);
			runOnlyForDeploymentPostprocessing = 0;
		};
		814BE9F02401874D0046DB57 /* Sources */ = {
			isa = PBXSourcesBuildPhase;
			buildActionMask = 2147483647;
			files = (
				814BE9F72401874D0046DB57 /* main.cpp in Sources */,
			);
			runOnlyForDeploymentPostprocessing = 0;
		};
		814BE9FB24018FEF0046DB57 /* Sources */ = {
			isa = PBXSourcesBuildPhase;
			buildActionMask = 2147483647;
			files = (
				814BEA0224018FEF0046DB57 /* main.cpp in Sources */,
			);
			runOnlyForDeploymentPostprocessing = 0;
		};
		81720D4523FAC3CF0026D1EE /* Sources */ = {
			isa = PBXSourcesBuildPhase;
			buildActionMask = 2147483647;
			files = (
				81720D4D23FAC3CF0026D1EE /* main.cpp in Sources */,
			);
			runOnlyForDeploymentPostprocessing = 0;
		};
		81720D5323FAC3F90026D1EE /* Sources */ = {
			isa = PBXSourcesBuildPhase;
			buildActionMask = 2147483647;
			files = (
				81720D5A23FAC3F90026D1EE /* main.cpp in Sources */,
			);
			runOnlyForDeploymentPostprocessing = 0;
		};
		81720D5E23FAEB340026D1EE /* Sources */ = {
			isa = PBXSourcesBuildPhase;
			buildActionMask = 2147483647;
			files = (
				81720D6523FAEB340026D1EE /* main.cpp in Sources */,
			);
			runOnlyForDeploymentPostprocessing = 0;
		};
		81720D6923FAED080026D1EE /* Sources */ = {
			isa = PBXSourcesBuildPhase;
			buildActionMask = 2147483647;
			files = (
				81720D7023FAED080026D1EE /* main.cpp in Sources */,
			);
			runOnlyForDeploymentPostprocessing = 0;
		};
		81720D7423FD7AAE0026D1EE /* Sources */ = {
			isa = PBXSourcesBuildPhase;
			buildActionMask = 2147483647;
			files = (
				81720D7B23FD7AAE0026D1EE /* main.cpp in Sources */,
			);
			runOnlyForDeploymentPostprocessing = 0;
		};
		81720D7F23FD856A0026D1EE /* Sources */ = {
			isa = PBXSourcesBuildPhase;
			buildActionMask = 2147483647;
			files = (
				81720D8623FD856A0026D1EE /* main.cpp in Sources */,
			);
			runOnlyForDeploymentPostprocessing = 0;
		};
		81720D8A23FD96620026D1EE /* Sources */ = {
			isa = PBXSourcesBuildPhase;
			buildActionMask = 2147483647;
			files = (
				81720D9123FD96620026D1EE /* main.cpp in Sources */,
			);
			runOnlyForDeploymentPostprocessing = 0;
		};
		81720D9823FEC93A0026D1EE /* Sources */ = {
			isa = PBXSourcesBuildPhase;
			buildActionMask = 2147483647;
			files = (
				81720D9F23FEC93A0026D1EE /* main.cpp in Sources */,
			);
			runOnlyForDeploymentPostprocessing = 0;
		};
		81DBF1BD24056EDA00F6344F /* Sources */ = {
			isa = PBXSourcesBuildPhase;
			buildActionMask = 2147483647;
			files = (
				81DBF1C424056EDA00F6344F /* main.cpp in Sources */,
			);
			runOnlyForDeploymentPostprocessing = 0;
		};
		81DBF1C8240573AD00F6344F /* Sources */ = {
			isa = PBXSourcesBuildPhase;
			buildActionMask = 2147483647;
			files = (
				81DBF1CF240573AD00F6344F /* main.cpp in Sources */,
			);
			runOnlyForDeploymentPostprocessing = 0;
		};
		81DBF1D324057E6D00F6344F /* Sources */ = {
			isa = PBXSourcesBuildPhase;
			buildActionMask = 2147483647;
			files = (
				81DBF1DA24057E6D00F6344F /* main.cpp in Sources */,
			);
			runOnlyForDeploymentPostprocessing = 0;
		};
		81DBF1DE2406B5B600F6344F /* Sources */ = {
			isa = PBXSourcesBuildPhase;
			buildActionMask = 2147483647;
			files = (
				81DBF1E52406B5B600F6344F /* main.cpp in Sources */,
			);
			runOnlyForDeploymentPostprocessing = 0;
		};
		81DBF1E92408004B00F6344F /* Sources */ = {
			isa = PBXSourcesBuildPhase;
			buildActionMask = 2147483647;
			files = (
				81DBF1F02408004B00F6344F /* main.cpp in Sources */,
			);
			runOnlyForDeploymentPostprocessing = 0;
		};
		81DBF1F42408063B00F6344F /* Sources */ = {
			isa = PBXSourcesBuildPhase;
			buildActionMask = 2147483647;
			files = (
				81DBF1FB2408063B00F6344F /* main.cpp in Sources */,
			);
			runOnlyForDeploymentPostprocessing = 0;
		};
		81FEE24B240A980C00DFAD0E /* Sources */ = {
			isa = PBXSourcesBuildPhase;
			buildActionMask = 2147483647;
			files = (
				81FEE252240A980C00DFAD0E /* main.cpp in Sources */,
			);
			runOnlyForDeploymentPostprocessing = 0;
		};
		81FEE256240AA83900DFAD0E /* Sources */ = {
			isa = PBXSourcesBuildPhase;
			buildActionMask = 2147483647;
			files = (
				81FEE25D240AA83900DFAD0E /* main.cpp in Sources */,
			);
			runOnlyForDeploymentPostprocessing = 0;
		};
/* End PBXSourcesBuildPhase section */

/* Begin XCBuildConfiguration section */
		814BE9C124000C610046DB57 /* Debug */ = {
			isa = XCBuildConfiguration;
			buildSettings = {
				CODE_SIGN_STYLE = Automatic;
				PRODUCT_NAME = "$(TARGET_NAME)";
			};
			name = Debug;
		};
		814BE9C224000C610046DB57 /* Release */ = {
			isa = XCBuildConfiguration;
			buildSettings = {
				CODE_SIGN_STYLE = Automatic;
				PRODUCT_NAME = "$(TARGET_NAME)";
			};
			name = Release;
		};
		814BE9CD24003D390046DB57 /* Debug */ = {
			isa = XCBuildConfiguration;
			buildSettings = {
				CODE_SIGN_STYLE = Automatic;
				PRODUCT_NAME = "$(TARGET_NAME)";
			};
			name = Debug;
		};
		814BE9CE24003D390046DB57 /* Release */ = {
			isa = XCBuildConfiguration;
			buildSettings = {
				CODE_SIGN_STYLE = Automatic;
				PRODUCT_NAME = "$(TARGET_NAME)";
			};
			name = Release;
		};
		814BE9D724015EF60046DB57 /* Debug */ = {
			isa = XCBuildConfiguration;
			buildSettings = {
				CODE_SIGN_STYLE = Automatic;
				PRODUCT_NAME = "$(TARGET_NAME)";
			};
			name = Debug;
		};
		814BE9D824015EF60046DB57 /* Release */ = {
			isa = XCBuildConfiguration;
			buildSettings = {
				CODE_SIGN_STYLE = Automatic;
				PRODUCT_NAME = "$(TARGET_NAME)";
			};
			name = Release;
		};
		814BE9E32401607E0046DB57 /* Debug */ = {
			isa = XCBuildConfiguration;
			buildSettings = {
				CODE_SIGN_STYLE = Automatic;
				PRODUCT_NAME = "$(TARGET_NAME)";
			};
			name = Debug;
		};
		814BE9E42401607E0046DB57 /* Release */ = {
			isa = XCBuildConfiguration;
			buildSettings = {
				CODE_SIGN_STYLE = Automatic;
				PRODUCT_NAME = "$(TARGET_NAME)";
			};
			name = Release;
		};
		814BE9EE240179500046DB57 /* Debug */ = {
			isa = XCBuildConfiguration;
			buildSettings = {
				CODE_SIGN_STYLE = Automatic;
				PRODUCT_NAME = "$(TARGET_NAME)";
			};
			name = Debug;
		};
		814BE9EF240179500046DB57 /* Release */ = {
			isa = XCBuildConfiguration;
			buildSettings = {
				CODE_SIGN_STYLE = Automatic;
				PRODUCT_NAME = "$(TARGET_NAME)";
			};
			name = Release;
		};
		814BE9F92401874D0046DB57 /* Debug */ = {
			isa = XCBuildConfiguration;
			buildSettings = {
				CODE_SIGN_STYLE = Automatic;
				PRODUCT_NAME = "$(TARGET_NAME)";
			};
			name = Debug;
		};
		814BE9FA2401874D0046DB57 /* Release */ = {
			isa = XCBuildConfiguration;
			buildSettings = {
				CODE_SIGN_STYLE = Automatic;
				PRODUCT_NAME = "$(TARGET_NAME)";
			};
			name = Release;
		};
		814BEA0424018FEF0046DB57 /* Debug */ = {
			isa = XCBuildConfiguration;
			buildSettings = {
				CODE_SIGN_STYLE = Automatic;
				PRODUCT_NAME = "$(TARGET_NAME)";
			};
			name = Debug;
		};
		814BEA0524018FEF0046DB57 /* Release */ = {
			isa = XCBuildConfiguration;
			buildSettings = {
				CODE_SIGN_STYLE = Automatic;
				PRODUCT_NAME = "$(TARGET_NAME)";
			};
			name = Release;
		};
		81720D4E23FAC3CF0026D1EE /* Debug */ = {
			isa = XCBuildConfiguration;
			buildSettings = {
				ALWAYS_SEARCH_USER_PATHS = NO;
				CLANG_ANALYZER_NONNULL = YES;
				CLANG_ANALYZER_NUMBER_OBJECT_CONVERSION = YES_AGGRESSIVE;
				CLANG_CXX_LANGUAGE_STANDARD = "gnu++14";
				CLANG_CXX_LIBRARY = "libc++";
				CLANG_ENABLE_MODULES = YES;
				CLANG_ENABLE_OBJC_ARC = YES;
				CLANG_ENABLE_OBJC_WEAK = YES;
				CLANG_WARN_BLOCK_CAPTURE_AUTORELEASING = YES;
				CLANG_WARN_BOOL_CONVERSION = YES;
				CLANG_WARN_COMMA = YES;
				CLANG_WARN_CONSTANT_CONVERSION = YES;
				CLANG_WARN_DEPRECATED_OBJC_IMPLEMENTATIONS = YES;
				CLANG_WARN_DIRECT_OBJC_ISA_USAGE = YES_ERROR;
				CLANG_WARN_DOCUMENTATION_COMMENTS = YES;
				CLANG_WARN_EMPTY_BODY = YES;
				CLANG_WARN_ENUM_CONVERSION = YES;
				CLANG_WARN_INFINITE_RECURSION = YES;
				CLANG_WARN_INT_CONVERSION = YES;
				CLANG_WARN_NON_LITERAL_NULL_CONVERSION = YES;
				CLANG_WARN_OBJC_IMPLICIT_RETAIN_SELF = YES;
				CLANG_WARN_OBJC_LITERAL_CONVERSION = YES;
				CLANG_WARN_OBJC_ROOT_CLASS = YES_ERROR;
				CLANG_WARN_RANGE_LOOP_ANALYSIS = YES;
				CLANG_WARN_STRICT_PROTOTYPES = YES;
				CLANG_WARN_SUSPICIOUS_MOVE = YES;
				CLANG_WARN_UNGUARDED_AVAILABILITY = YES_AGGRESSIVE;
				CLANG_WARN_UNREACHABLE_CODE = YES;
				CLANG_WARN__DUPLICATE_METHOD_MATCH = YES;
				COPY_PHASE_STRIP = NO;
				DEBUG_INFORMATION_FORMAT = dwarf;
				ENABLE_STRICT_OBJC_MSGSEND = YES;
				ENABLE_TESTABILITY = YES;
				GCC_C_LANGUAGE_STANDARD = gnu11;
				GCC_DYNAMIC_NO_PIC = NO;
				GCC_NO_COMMON_BLOCKS = YES;
				GCC_OPTIMIZATION_LEVEL = 0;
				GCC_PREPROCESSOR_DEFINITIONS = (
					"DEBUG=1",
					"$(inherited)",
				);
				GCC_WARN_64_TO_32_BIT_CONVERSION = YES;
				GCC_WARN_ABOUT_RETURN_TYPE = YES_ERROR;
				GCC_WARN_UNDECLARED_SELECTOR = YES;
				GCC_WARN_UNINITIALIZED_AUTOS = YES_AGGRESSIVE;
				GCC_WARN_UNUSED_FUNCTION = YES;
				GCC_WARN_UNUSED_VARIABLE = YES;
				MACOSX_DEPLOYMENT_TARGET = 10.15;
				MTL_ENABLE_DEBUG_INFO = INCLUDE_SOURCE;
				MTL_FAST_MATH = YES;
				ONLY_ACTIVE_ARCH = YES;
				SDKROOT = macosx;
			};
			name = Debug;
		};
		81720D4F23FAC3CF0026D1EE /* Release */ = {
			isa = XCBuildConfiguration;
			buildSettings = {
				ALWAYS_SEARCH_USER_PATHS = NO;
				CLANG_ANALYZER_NONNULL = YES;
				CLANG_ANALYZER_NUMBER_OBJECT_CONVERSION = YES_AGGRESSIVE;
				CLANG_CXX_LANGUAGE_STANDARD = "gnu++14";
				CLANG_CXX_LIBRARY = "libc++";
				CLANG_ENABLE_MODULES = YES;
				CLANG_ENABLE_OBJC_ARC = YES;
				CLANG_ENABLE_OBJC_WEAK = YES;
				CLANG_WARN_BLOCK_CAPTURE_AUTORELEASING = YES;
				CLANG_WARN_BOOL_CONVERSION = YES;
				CLANG_WARN_COMMA = YES;
				CLANG_WARN_CONSTANT_CONVERSION = YES;
				CLANG_WARN_DEPRECATED_OBJC_IMPLEMENTATIONS = YES;
				CLANG_WARN_DIRECT_OBJC_ISA_USAGE = YES_ERROR;
				CLANG_WARN_DOCUMENTATION_COMMENTS = YES;
				CLANG_WARN_EMPTY_BODY = YES;
				CLANG_WARN_ENUM_CONVERSION = YES;
				CLANG_WARN_INFINITE_RECURSION = YES;
				CLANG_WARN_INT_CONVERSION = YES;
				CLANG_WARN_NON_LITERAL_NULL_CONVERSION = YES;
				CLANG_WARN_OBJC_IMPLICIT_RETAIN_SELF = YES;
				CLANG_WARN_OBJC_LITERAL_CONVERSION = YES;
				CLANG_WARN_OBJC_ROOT_CLASS = YES_ERROR;
				CLANG_WARN_RANGE_LOOP_ANALYSIS = YES;
				CLANG_WARN_STRICT_PROTOTYPES = YES;
				CLANG_WARN_SUSPICIOUS_MOVE = YES;
				CLANG_WARN_UNGUARDED_AVAILABILITY = YES_AGGRESSIVE;
				CLANG_WARN_UNREACHABLE_CODE = YES;
				CLANG_WARN__DUPLICATE_METHOD_MATCH = YES;
				COPY_PHASE_STRIP = NO;
				DEBUG_INFORMATION_FORMAT = "dwarf-with-dsym";
				ENABLE_NS_ASSERTIONS = NO;
				ENABLE_STRICT_OBJC_MSGSEND = YES;
				GCC_C_LANGUAGE_STANDARD = gnu11;
				GCC_NO_COMMON_BLOCKS = YES;
				GCC_WARN_64_TO_32_BIT_CONVERSION = YES;
				GCC_WARN_ABOUT_RETURN_TYPE = YES_ERROR;
				GCC_WARN_UNDECLARED_SELECTOR = YES;
				GCC_WARN_UNINITIALIZED_AUTOS = YES_AGGRESSIVE;
				GCC_WARN_UNUSED_FUNCTION = YES;
				GCC_WARN_UNUSED_VARIABLE = YES;
				MACOSX_DEPLOYMENT_TARGET = 10.15;
				MTL_ENABLE_DEBUG_INFO = NO;
				MTL_FAST_MATH = YES;
				SDKROOT = macosx;
			};
			name = Release;
		};
		81720D5123FAC3CF0026D1EE /* Debug */ = {
			isa = XCBuildConfiguration;
			buildSettings = {
				CODE_SIGN_STYLE = Automatic;
				PRODUCT_NAME = "$(TARGET_NAME)";
			};
			name = Debug;
		};
		81720D5223FAC3CF0026D1EE /* Release */ = {
			isa = XCBuildConfiguration;
			buildSettings = {
				CODE_SIGN_STYLE = Automatic;
				PRODUCT_NAME = "$(TARGET_NAME)";
			};
			name = Release;
		};
		81720D5C23FAC3F90026D1EE /* Debug */ = {
			isa = XCBuildConfiguration;
			buildSettings = {
				CODE_SIGN_STYLE = Automatic;
				PRODUCT_NAME = "$(TARGET_NAME)";
			};
			name = Debug;
		};
		81720D5D23FAC3F90026D1EE /* Release */ = {
			isa = XCBuildConfiguration;
			buildSettings = {
				CODE_SIGN_STYLE = Automatic;
				PRODUCT_NAME = "$(TARGET_NAME)";
			};
			name = Release;
		};
		81720D6723FAEB340026D1EE /* Debug */ = {
			isa = XCBuildConfiguration;
			buildSettings = {
				CODE_SIGN_STYLE = Automatic;
				PRODUCT_NAME = "$(TARGET_NAME)";
			};
			name = Debug;
		};
		81720D6823FAEB340026D1EE /* Release */ = {
			isa = XCBuildConfiguration;
			buildSettings = {
				CODE_SIGN_STYLE = Automatic;
				PRODUCT_NAME = "$(TARGET_NAME)";
			};
			name = Release;
		};
		81720D7223FAED080026D1EE /* Debug */ = {
			isa = XCBuildConfiguration;
			buildSettings = {
				CODE_SIGN_STYLE = Automatic;
				PRODUCT_NAME = "$(TARGET_NAME)";
			};
			name = Debug;
		};
		81720D7323FAED080026D1EE /* Release */ = {
			isa = XCBuildConfiguration;
			buildSettings = {
				CODE_SIGN_STYLE = Automatic;
				PRODUCT_NAME = "$(TARGET_NAME)";
			};
			name = Release;
		};
		81720D7C23FD7AAE0026D1EE /* Debug */ = {
			isa = XCBuildConfiguration;
			buildSettings = {
				CODE_SIGN_STYLE = Automatic;
				PRODUCT_NAME = "$(TARGET_NAME)";
			};
			name = Debug;
		};
		81720D7D23FD7AAE0026D1EE /* Release */ = {
			isa = XCBuildConfiguration;
			buildSettings = {
				CODE_SIGN_STYLE = Automatic;
				PRODUCT_NAME = "$(TARGET_NAME)";
			};
			name = Release;
		};
		81720D8723FD856A0026D1EE /* Debug */ = {
			isa = XCBuildConfiguration;
			buildSettings = {
				CODE_SIGN_STYLE = Automatic;
				PRODUCT_NAME = "$(TARGET_NAME)";
			};
			name = Debug;
		};
		81720D8823FD856A0026D1EE /* Release */ = {
			isa = XCBuildConfiguration;
			buildSettings = {
				CODE_SIGN_STYLE = Automatic;
				PRODUCT_NAME = "$(TARGET_NAME)";
			};
			name = Release;
		};
		81720D9223FD96620026D1EE /* Debug */ = {
			isa = XCBuildConfiguration;
			buildSettings = {
				CODE_SIGN_STYLE = Automatic;
				PRODUCT_NAME = "$(TARGET_NAME)";
			};
			name = Debug;
		};
		81720D9323FD96620026D1EE /* Release */ = {
			isa = XCBuildConfiguration;
			buildSettings = {
				CODE_SIGN_STYLE = Automatic;
				PRODUCT_NAME = "$(TARGET_NAME)";
			};
			name = Release;
		};
		81720DA023FEC93A0026D1EE /* Debug */ = {
			isa = XCBuildConfiguration;
			buildSettings = {
				CODE_SIGN_STYLE = Automatic;
				PRODUCT_NAME = "$(TARGET_NAME)";
			};
			name = Debug;
		};
		81720DA123FEC93A0026D1EE /* Release */ = {
			isa = XCBuildConfiguration;
			buildSettings = {
				CODE_SIGN_STYLE = Automatic;
				PRODUCT_NAME = "$(TARGET_NAME)";
			};
			name = Release;
		};
		81DBF1C524056EDA00F6344F /* Debug */ = {
			isa = XCBuildConfiguration;
			buildSettings = {
				CODE_SIGN_STYLE = Automatic;
				PRODUCT_NAME = "$(TARGET_NAME)";
			};
			name = Debug;
		};
		81DBF1C624056EDA00F6344F /* Release */ = {
			isa = XCBuildConfiguration;
			buildSettings = {
				CODE_SIGN_STYLE = Automatic;
				PRODUCT_NAME = "$(TARGET_NAME)";
			};
			name = Release;
		};
		81DBF1D1240573AD00F6344F /* Debug */ = {
			isa = XCBuildConfiguration;
			buildSettings = {
				CODE_SIGN_STYLE = Automatic;
				PRODUCT_NAME = "$(TARGET_NAME)";
			};
			name = Debug;
		};
		81DBF1D2240573AD00F6344F /* Release */ = {
			isa = XCBuildConfiguration;
			buildSettings = {
				CODE_SIGN_STYLE = Automatic;
				PRODUCT_NAME = "$(TARGET_NAME)";
			};
			name = Release;
		};
		81DBF1DC24057E6D00F6344F /* Debug */ = {
			isa = XCBuildConfiguration;
			buildSettings = {
				CODE_SIGN_STYLE = Automatic;
				PRODUCT_NAME = "$(TARGET_NAME)";
			};
			name = Debug;
		};
		81DBF1DD24057E6D00F6344F /* Release */ = {
			isa = XCBuildConfiguration;
			buildSettings = {
				CODE_SIGN_STYLE = Automatic;
				PRODUCT_NAME = "$(TARGET_NAME)";
			};
			name = Release;
		};
		81DBF1E62406B5B600F6344F /* Debug */ = {
			isa = XCBuildConfiguration;
			buildSettings = {
				CODE_SIGN_STYLE = Automatic;
				PRODUCT_NAME = "$(TARGET_NAME)";
			};
			name = Debug;
		};
		81DBF1E72406B5B600F6344F /* Release */ = {
			isa = XCBuildConfiguration;
			buildSettings = {
				CODE_SIGN_STYLE = Automatic;
				PRODUCT_NAME = "$(TARGET_NAME)";
			};
			name = Release;
		};
		81DBF1F22408004B00F6344F /* Debug */ = {
			isa = XCBuildConfiguration;
			buildSettings = {
				CODE_SIGN_STYLE = Automatic;
				PRODUCT_NAME = "$(TARGET_NAME)";
			};
			name = Debug;
		};
		81DBF1F32408004B00F6344F /* Release */ = {
			isa = XCBuildConfiguration;
			buildSettings = {
				CODE_SIGN_STYLE = Automatic;
				PRODUCT_NAME = "$(TARGET_NAME)";
			};
			name = Release;
		};
		81DBF1FD2408063B00F6344F /* Debug */ = {
			isa = XCBuildConfiguration;
			buildSettings = {
				CODE_SIGN_STYLE = Automatic;
				PRODUCT_NAME = "$(TARGET_NAME)";
			};
			name = Debug;
		};
		81DBF1FE2408063B00F6344F /* Release */ = {
			isa = XCBuildConfiguration;
			buildSettings = {
				CODE_SIGN_STYLE = Automatic;
				PRODUCT_NAME = "$(TARGET_NAME)";
			};
			name = Release;
		};
		81FEE253240A980C00DFAD0E /* Debug */ = {
			isa = XCBuildConfiguration;
			buildSettings = {
				CODE_SIGN_STYLE = Automatic;
				PRODUCT_NAME = "$(TARGET_NAME)";
			};
			name = Debug;
		};
		81FEE254240A980C00DFAD0E /* Release */ = {
			isa = XCBuildConfiguration;
			buildSettings = {
				CODE_SIGN_STYLE = Automatic;
				PRODUCT_NAME = "$(TARGET_NAME)";
			};
			name = Release;
		};
		81FEE25F240AA83900DFAD0E /* Debug */ = {
			isa = XCBuildConfiguration;
			buildSettings = {
				CODE_SIGN_STYLE = Automatic;
				PRODUCT_NAME = "$(TARGET_NAME)";
			};
			name = Debug;
		};
		81FEE260240AA83900DFAD0E /* Release */ = {
			isa = XCBuildConfiguration;
			buildSettings = {
				CODE_SIGN_STYLE = Automatic;
				PRODUCT_NAME = "$(TARGET_NAME)";
			};
			name = Release;
		};
/* End XCBuildConfiguration section */

/* Begin XCConfigurationList section */
		814BE9C324000C610046DB57 /* Build configuration list for PBXNativeTarget "2_2  类型转换" */ = {
			isa = XCConfigurationList;
			buildConfigurations = (
				814BE9C124000C610046DB57 /* Debug */,
				814BE9C224000C610046DB57 /* Release */,
			);
			defaultConfigurationIsVisible = 0;
			defaultConfigurationName = Release;
		};
		814BE9CC24003D390046DB57 /* Build configuration list for PBXNativeTarget "2_3  异常机制" */ = {
			isa = XCConfigurationList;
			buildConfigurations = (
				814BE9CD24003D390046DB57 /* Debug */,
				814BE9CE24003D390046DB57 /* Release */,
			);
			defaultConfigurationIsVisible = 0;
			defaultConfigurationName = Release;
		};
		814BE9D924015EF60046DB57 /* Build configuration list for PBXNativeTarget "2_4  栈解旋(unwinding)" */ = {
			isa = XCConfigurationList;
			buildConfigurations = (
				814BE9D724015EF60046DB57 /* Debug */,
				814BE9D824015EF60046DB57 /* Release */,
			);
			defaultConfigurationIsVisible = 0;
			defaultConfigurationName = Release;
		};
		814BE9E22401607E0046DB57 /* Build configuration list for PBXNativeTarget "2_5  异常接口声明" */ = {
			isa = XCConfigurationList;
			buildConfigurations = (
				814BE9E32401607E0046DB57 /* Debug */,
				814BE9E42401607E0046DB57 /* Release */,
			);
			defaultConfigurationIsVisible = 0;
			defaultConfigurationName = Release;
		};
		814BE9ED240179500046DB57 /* Build configuration list for PBXNativeTarget "2_6  异常类型和异常对象生命周期" */ = {
			isa = XCConfigurationList;
			buildConfigurations = (
				814BE9EE240179500046DB57 /* Debug */,
				814BE9EF240179500046DB57 /* Release */,
			);
			defaultConfigurationIsVisible = 0;
			defaultConfigurationName = Release;
		};
		814BE9F82401874D0046DB57 /* Build configuration list for PBXNativeTarget "2_7  继承标准库异常" */ = {
			isa = XCConfigurationList;
			buildConfigurations = (
				814BE9F92401874D0046DB57 /* Debug */,
				814BE9FA2401874D0046DB57 /* Release */,
			);
			defaultConfigurationIsVisible = 0;
			defaultConfigurationName = Release;
		};
		814BEA0324018FEF0046DB57 /* Build configuration list for PBXNativeTarget "2_8  继承在异常中的应用" */ = {
			isa = XCConfigurationList;
			buildConfigurations = (
				814BEA0424018FEF0046DB57 /* Debug */,
				814BEA0524018FEF0046DB57 /* Release */,
			);
			defaultConfigurationIsVisible = 0;
			defaultConfigurationName = Release;
		};
		81720D4423FAC3CF0026D1EE /* Build configuration list for PBXProject "STL" */ = {
			isa = XCConfigurationList;
			buildConfigurations = (
				81720D4E23FAC3CF0026D1EE /* Debug */,
				81720D4F23FAC3CF0026D1EE /* Release */,
			);
			defaultConfigurationIsVisible = 0;
			defaultConfigurationName = Release;
		};
		81720D5023FAC3CF0026D1EE /* Build configuration list for PBXNativeTarget "STL" */ = {
			isa = XCConfigurationList;
			buildConfigurations = (
				81720D5123FAC3CF0026D1EE /* Debug */,
				81720D5223FAC3CF0026D1EE /* Release */,
			);
			defaultConfigurationIsVisible = 0;
			defaultConfigurationName = Release;
		};
		81720D5B23FAC3F90026D1EE /* Build configuration list for PBXNativeTarget "1_1  模板" */ = {
			isa = XCConfigurationList;
			buildConfigurations = (
				81720D5C23FAC3F90026D1EE /* Debug */,
				81720D5D23FAC3F90026D1EE /* Release */,
			);
			defaultConfigurationIsVisible = 0;
			defaultConfigurationName = Release;
		};
		81720D6623FAEB340026D1EE /* Build configuration list for PBXNativeTarget "1_2  类模板" */ = {
			isa = XCConfigurationList;
			buildConfigurations = (
				81720D6723FAEB340026D1EE /* Debug */,
				81720D6823FAEB340026D1EE /* Release */,
			);
			defaultConfigurationIsVisible = 0;
			defaultConfigurationName = Release;
		};
		81720D7123FAED080026D1EE /* Build configuration list for PBXNativeTarget "1_3  强化练习：模板实现排序" */ = {
			isa = XCConfigurationList;
			buildConfigurations = (
				81720D7223FAED080026D1EE /* Debug */,
				81720D7323FAED080026D1EE /* Release */,
			);
			defaultConfigurationIsVisible = 0;
			defaultConfigurationName = Release;
		};
		81720D7E23FD7AAE0026D1EE /* Build configuration list for PBXNativeTarget "1_4  类模板派生普通类" */ = {
			isa = XCConfigurationList;
			buildConfigurations = (
				81720D7C23FD7AAE0026D1EE /* Debug */,
				81720D7D23FD7AAE0026D1EE /* Release */,
			);
			defaultConfigurationIsVisible = 0;
			defaultConfigurationName = Release;
		};
		81720D8923FD856A0026D1EE /* Build configuration list for PBXNativeTarget "1_5  类模板外部实现" */ = {
			isa = XCConfigurationList;
			buildConfigurations = (
				81720D8723FD856A0026D1EE /* Debug */,
				81720D8823FD856A0026D1EE /* Release */,
			);
			defaultConfigurationIsVisible = 0;
			defaultConfigurationName = Release;
		};
		81720D9423FD96620026D1EE /* Build configuration list for PBXNativeTarget "1_6  类模板外部实现（多文件）" */ = {
			isa = XCConfigurationList;
			buildConfigurations = (
				81720D9223FD96620026D1EE /* Debug */,
				81720D9323FD96620026D1EE /* Release */,
			);
			defaultConfigurationIsVisible = 0;
			defaultConfigurationName = Release;
		};
		81720DA223FEC93A0026D1EE /* Build configuration list for PBXNativeTarget "2_1  MyArray框架实现" */ = {
			isa = XCConfigurationList;
			buildConfigurations = (
				81720DA023FEC93A0026D1EE /* Debug */,
				81720DA123FEC93A0026D1EE /* Release */,
			);
			defaultConfigurationIsVisible = 0;
			defaultConfigurationName = Release;
		};
		81DBF1C724056EDA00F6344F /* Build configuration list for PBXNativeTarget "3_1  输入和输出流" */ = {
			isa = XCConfigurationList;
			buildConfigurations = (
				81DBF1C524056EDA00F6344F /* Debug */,
				81DBF1C624056EDA00F6344F /* Release */,
			);
			defaultConfigurationIsVisible = 0;
			defaultConfigurationName = Release;
		};
		81DBF1D0240573AD00F6344F /* Build configuration list for PBXNativeTarget "3_2  标准输入流" */ = {
			isa = XCConfigurationList;
			buildConfigurations = (
				81DBF1D1240573AD00F6344F /* Debug */,
				81DBF1D2240573AD00F6344F /* Release */,
			);
			defaultConfigurationIsVisible = 0;
			defaultConfigurationName = Release;
		};
		81DBF1DB24057E6D00F6344F /* Build configuration list for PBXNativeTarget "3_3  标准输出流" */ = {
			isa = XCConfigurationList;
			buildConfigurations = (
				81DBF1DC24057E6D00F6344F /* Debug */,
				81DBF1DD24057E6D00F6344F /* Release */,
			);
			defaultConfigurationIsVisible = 0;
			defaultConfigurationName = Release;
		};
		81DBF1E82406B5B600F6344F /* Build configuration list for PBXNativeTarget "3_4  文件的读写" */ = {
			isa = XCConfigurationList;
			buildConfigurations = (
				81DBF1E62406B5B600F6344F /* Debug */,
				81DBF1E72406B5B600F6344F /* Release */,
			);
			defaultConfigurationIsVisible = 0;
			defaultConfigurationName = Release;
		};
		81DBF1F12408004B00F6344F /* Build configuration list for PBXNativeTarget "3_5  迭代器案例" */ = {
			isa = XCConfigurationList;
			buildConfigurations = (
				81DBF1F22408004B00F6344F /* Debug */,
				81DBF1F32408004B00F6344F /* Release */,
			);
			defaultConfigurationIsVisible = 0;
			defaultConfigurationName = Release;
		};
		81DBF1FC2408063B00F6344F /* Build configuration list for PBXNativeTarget "3_6  STL HelloWorld" */ = {
			isa = XCConfigurationList;
			buildConfigurations = (
				81DBF1FD2408063B00F6344F /* Debug */,
				81DBF1FE2408063B00F6344F /* Release */,
			);
			defaultConfigurationIsVisible = 0;
			defaultConfigurationName = Release;
		};
		81FEE255240A980C00DFAD0E /* Build configuration list for PBXNativeTarget "3_7  String容器" */ = {
			isa = XCConfigurationList;
			buildConfigurations = (
				81FEE253240A980C00DFAD0E /* Debug */,
				81FEE254240A980C00DFAD0E /* Release */,
			);
			defaultConfigurationIsVisible = 0;
			defaultConfigurationName = Release;
		};
		81FEE25E240AA83900DFAD0E /* Build configuration list for PBXNativeTarget "3_8  vector动态数组" */ = {
			isa = XCConfigurationList;
			buildConfigurations = (
				81FEE25F240AA83900DFAD0E /* Debug */,
				81FEE260240AA83900DFAD0E /* Release */,
			);
			defaultConfigurationIsVisible = 0;
			defaultConfigurationName = Release;
		};
/* End XCConfigurationList section */
	};
	rootObject = 81720D4123FAC3CF0026D1EE /* Project object */;
}
