// !$*UTF8*$!
{
	archiveVersion = 1;
	classes = {
	};
	objectVersion = 50;
	objects = {

/* Begin PBXBuildFile section */
		81720D4D23FAC3CF0026D1EE /* main.cpp in Sources */ = {isa = PBXBuildFile; fileRef = 81720D4C23FAC3CF0026D1EE /* main.cpp */; };
		81720D5A23FAC3F90026D1EE /* main.cpp in Sources */ = {isa = PBXBuildFile; fileRef = 81720D5923FAC3F90026D1EE /* main.cpp */; };
		81720D6523FAEB340026D1EE /* main.cpp in Sources */ = {isa = PBXBuildFile; fileRef = 81720D6423FAEB340026D1EE /* main.cpp */; };
		81720D7023FAED080026D1EE /* main.cpp in Sources */ = {isa = PBXBuildFile; fileRef = 81720D6F23FAED080026D1EE /* main.cpp */; };
		81720D7B23FD7AAE0026D1EE /* main.cpp in Sources */ = {isa = PBXBuildFile; fileRef = 81720D7A23FD7AAE0026D1EE /* main.cpp */; };
		81720D8623FD856A0026D1EE /* main.cpp in Sources */ = {isa = PBXBuildFile; fileRef = 81720D8523FD856A0026D1EE /* main.cpp */; };
		81720D9123FD96620026D1EE /* main.cpp in Sources */ = {isa = PBXBuildFile; fileRef = 81720D9023FD96620026D1EE /* main.cpp */; };
/* End PBXBuildFile section */

/* Begin PBXCopyFilesBuildPhase section */
		81720D4723FAC3CF0026D1EE /* CopyFiles */ = {
			isa = PBXCopyFilesBuildPhase;
			buildActionMask = 2147483647;
			dstPath = /usr/share/man/man1/;
			dstSubfolderSpec = 0;
			files = (
			);
			runOnlyForDeploymentPostprocessing = 1;
		};
		81720D5523FAC3F90026D1EE /* CopyFiles */ = {
			isa = PBXCopyFilesBuildPhase;
			buildActionMask = 2147483647;
			dstPath = /usr/share/man/man1/;
			dstSubfolderSpec = 0;
			files = (
			);
			runOnlyForDeploymentPostprocessing = 1;
		};
		81720D6023FAEB340026D1EE /* CopyFiles */ = {
			isa = PBXCopyFilesBuildPhase;
			buildActionMask = 2147483647;
			dstPath = /usr/share/man/man1/;
			dstSubfolderSpec = 0;
			files = (
			);
			runOnlyForDeploymentPostprocessing = 1;
		};
		81720D6B23FAED080026D1EE /* CopyFiles */ = {
			isa = PBXCopyFilesBuildPhase;
			buildActionMask = 2147483647;
			dstPath = /usr/share/man/man1/;
			dstSubfolderSpec = 0;
			files = (
			);
			runOnlyForDeploymentPostprocessing = 1;
		};
		81720D7623FD7AAE0026D1EE /* CopyFiles */ = {
			isa = PBXCopyFilesBuildPhase;
			buildActionMask = 2147483647;
			dstPath = /usr/share/man/man1/;
			dstSubfolderSpec = 0;
			files = (
			);
			runOnlyForDeploymentPostprocessing = 1;
		};
		81720D8123FD856A0026D1EE /* CopyFiles */ = {
			isa = PBXCopyFilesBuildPhase;
			buildActionMask = 2147483647;
			dstPath = /usr/share/man/man1/;
			dstSubfolderSpec = 0;
			files = (
			);
			runOnlyForDeploymentPostprocessing = 1;
		};
		81720D8C23FD96620026D1EE /* CopyFiles */ = {
			isa = PBXCopyFilesBuildPhase;
			buildActionMask = 2147483647;
			dstPath = /usr/share/man/man1/;
			dstSubfolderSpec = 0;
			files = (
			);
			runOnlyForDeploymentPostprocessing = 1;
		};
/* End PBXCopyFilesBuildPhase section */

/* Begin PBXFileReference section */
		81720D4923FAC3CF0026D1EE /* STL */ = {isa = PBXFileReference; explicitFileType = "compiled.mach-o.executable"; includeInIndex = 0; path = STL; sourceTree = BUILT_PRODUCTS_DIR; };
		81720D4C23FAC3CF0026D1EE /* main.cpp */ = {isa = PBXFileReference; lastKnownFileType = sourcecode.cpp.cpp; path = main.cpp; sourceTree = "<group>"; };
		81720D5723FAC3F90026D1EE /* 1_1  模板 */ = {isa = PBXFileReference; explicitFileType = "compiled.mach-o.executable"; includeInIndex = 0; path = "1_1  模板"; sourceTree = BUILT_PRODUCTS_DIR; };
		81720D5923FAC3F90026D1EE /* main.cpp */ = {isa = PBXFileReference; lastKnownFileType = sourcecode.cpp.cpp; path = main.cpp; sourceTree = "<group>"; };
		81720D6223FAEB340026D1EE /* 1_2  类模板 */ = {isa = PBXFileReference; explicitFileType = "compiled.mach-o.executable"; includeInIndex = 0; path = "1_2  类模板"; sourceTree = BUILT_PRODUCTS_DIR; };
		81720D6423FAEB340026D1EE /* main.cpp */ = {isa = PBXFileReference; lastKnownFileType = sourcecode.cpp.cpp; path = main.cpp; sourceTree = "<group>"; };
		81720D6D23FAED080026D1EE /* 1_3  强化练习：模板实现排序 */ = {isa = PBXFileReference; explicitFileType = "compiled.mach-o.executable"; includeInIndex = 0; path = "1_3  强化练习：模板实现排序"; sourceTree = BUILT_PRODUCTS_DIR; };
		81720D6F23FAED080026D1EE /* main.cpp */ = {isa = PBXFileReference; lastKnownFileType = sourcecode.cpp.cpp; path = main.cpp; sourceTree = "<group>"; };
		81720D7823FD7AAE0026D1EE /* 1_4  类模板派生普通类 */ = {isa = PBXFileReference; explicitFileType = "compiled.mach-o.executable"; includeInIndex = 0; path = "1_4  类模板派生普通类"; sourceTree = BUILT_PRODUCTS_DIR; };
		81720D7A23FD7AAE0026D1EE /* main.cpp */ = {isa = PBXFileReference; lastKnownFileType = sourcecode.cpp.cpp; path = main.cpp; sourceTree = "<group>"; };
		81720D8323FD856A0026D1EE /* 1_5  类模板外部实现 */ = {isa = PBXFileReference; explicitFileType = "compiled.mach-o.executable"; includeInIndex = 0; path = "1_5  类模板外部实现"; sourceTree = BUILT_PRODUCTS_DIR; };
		81720D8523FD856A0026D1EE /* main.cpp */ = {isa = PBXFileReference; lastKnownFileType = sourcecode.cpp.cpp; path = main.cpp; sourceTree = "<group>"; };
		81720D8E23FD96620026D1EE /* 1_6  类模板外部实现（多文件） */ = {isa = PBXFileReference; explicitFileType = "compiled.mach-o.executable"; includeInIndex = 0; path = "1_6  类模板外部实现（多文件）"; sourceTree = BUILT_PRODUCTS_DIR; };
		81720D9023FD96620026D1EE /* main.cpp */ = {isa = PBXFileReference; lastKnownFileType = sourcecode.cpp.cpp; path = main.cpp; sourceTree = "<group>"; };
		81720D9623FD967E0026D1EE /* Person.hpp */ = {isa = PBXFileReference; lastKnownFileType = sourcecode.cpp.h; path = Person.hpp; sourceTree = "<group>"; };
/* End PBXFileReference section */

/* Begin PBXFrameworksBuildPhase section */
		81720D4623FAC3CF0026D1EE /* Frameworks */ = {
			isa = PBXFrameworksBuildPhase;
			buildActionMask = 2147483647;
			files = (
			);
			runOnlyForDeploymentPostprocessing = 0;
		};
		81720D5423FAC3F90026D1EE /* Frameworks */ = {
			isa = PBXFrameworksBuildPhase;
			buildActionMask = 2147483647;
			files = (
			);
			runOnlyForDeploymentPostprocessing = 0;
		};
		81720D5F23FAEB340026D1EE /* Frameworks */ = {
			isa = PBXFrameworksBuildPhase;
			buildActionMask = 2147483647;
			files = (
			);
			runOnlyForDeploymentPostprocessing = 0;
		};
		81720D6A23FAED080026D1EE /* Frameworks */ = {
			isa = PBXFrameworksBuildPhase;
			buildActionMask = 2147483647;
			files = (
			);
			runOnlyForDeploymentPostprocessing = 0;
		};
		81720D7523FD7AAE0026D1EE /* Frameworks */ = {
			isa = PBXFrameworksBuildPhase;
			buildActionMask = 2147483647;
			files = (
			);
			runOnlyForDeploymentPostprocessing = 0;
		};
		81720D8023FD856A0026D1EE /* Frameworks */ = {
			isa = PBXFrameworksBuildPhase;
			buildActionMask = 2147483647;
			files = (
			);
			runOnlyForDeploymentPostprocessing = 0;
		};
		81720D8B23FD96620026D1EE /* Frameworks */ = {
			isa = PBXFrameworksBuildPhase;
			buildActionMask = 2147483647;
			files = (
			);
			runOnlyForDeploymentPostprocessing = 0;
		};
/* End PBXFrameworksBuildPhase section */

/* Begin PBXGroup section */
		81720D4023FAC3CF0026D1EE = {
			isa = PBXGroup;
			children = (
				81720D4B23FAC3CF0026D1EE /* STL */,
				81720D5823FAC3F90026D1EE /* 1_1  函数模板 */,
				81720D6323FAEB340026D1EE /* 1_2  类模板 */,
				81720D6E23FAED080026D1EE /* 1_3  强化练习：模板实现排序 */,
				81720D7923FD7AAE0026D1EE /* 1_4  类模板派生普通类 */,
				81720D8423FD856A0026D1EE /* 1_5  类模板外部实现 */,
				81720D8F23FD96620026D1EE /* 1_6  类模板外部实现（多文件） */,
				81720D4A23FAC3CF0026D1EE /* Products */,
			);
			sourceTree = "<group>";
		};
		81720D4A23FAC3CF0026D1EE /* Products */ = {
			isa = PBXGroup;
			children = (
				81720D4923FAC3CF0026D1EE /* STL */,
				81720D5723FAC3F90026D1EE /* 1_1  模板 */,
				81720D6223FAEB340026D1EE /* 1_2  类模板 */,
				81720D6D23FAED080026D1EE /* 1_3  强化练习：模板实现排序 */,
				81720D7823FD7AAE0026D1EE /* 1_4  类模板派生普通类 */,
				81720D8323FD856A0026D1EE /* 1_5  类模板外部实现 */,
				81720D8E23FD96620026D1EE /* 1_6  类模板外部实现（多文件） */,
			);
			name = Products;
			sourceTree = "<group>";
		};
		81720D4B23FAC3CF0026D1EE /* STL */ = {
			isa = PBXGroup;
			children = (
				81720D4C23FAC3CF0026D1EE /* main.cpp */,
			);
			path = STL;
			sourceTree = "<group>";
		};
		81720D5823FAC3F90026D1EE /* 1_1  函数模板 */ = {
			isa = PBXGroup;
			children = (
				81720D5923FAC3F90026D1EE /* main.cpp */,
			);
			path = "1_1  函数模板";
			sourceTree = "<group>";
		};
		81720D6323FAEB340026D1EE /* 1_2  类模板 */ = {
			isa = PBXGroup;
			children = (
				81720D6423FAEB340026D1EE /* main.cpp */,
			);
			path = "1_2  类模板";
			sourceTree = "<group>";
		};
		81720D6E23FAED080026D1EE /* 1_3  强化练习：模板实现排序 */ = {
			isa = PBXGroup;
			children = (
				81720D6F23FAED080026D1EE /* main.cpp */,
			);
			path = "1_3  强化练习：模板实现排序";
			sourceTree = "<group>";
		};
		81720D7923FD7AAE0026D1EE /* 1_4  类模板派生普通类 */ = {
			isa = PBXGroup;
			children = (
				81720D7A23FD7AAE0026D1EE /* main.cpp */,
			);
			path = "1_4  类模板派生普通类";
			sourceTree = "<group>";
		};
		81720D8423FD856A0026D1EE /* 1_5  类模板外部实现 */ = {
			isa = PBXGroup;
			children = (
				81720D8523FD856A0026D1EE /* main.cpp */,
			);
			path = "1_5  类模板外部实现";
			sourceTree = "<group>";
		};
		81720D8F23FD96620026D1EE /* 1_6  类模板外部实现（多文件） */ = {
			isa = PBXGroup;
			children = (
				81720D9023FD96620026D1EE /* main.cpp */,
				81720D9623FD967E0026D1EE /* Person.hpp */,
			);
			path = "1_6  类模板外部实现（多文件）";
			sourceTree = "<group>";
		};
/* End PBXGroup section */

/* Begin PBXNativeTarget section */
		81720D4823FAC3CF0026D1EE /* STL */ = {
			isa = PBXNativeTarget;
			buildConfigurationList = 81720D5023FAC3CF0026D1EE /* Build configuration list for PBXNativeTarget "STL" */;
			buildPhases = (
				81720D4523FAC3CF0026D1EE /* Sources */,
				81720D4623FAC3CF0026D1EE /* Frameworks */,
				81720D4723FAC3CF0026D1EE /* CopyFiles */,
			);
			buildRules = (
			);
			dependencies = (
			);
			name = STL;
			productName = STL;
			productReference = 81720D4923FAC3CF0026D1EE /* STL */;
			productType = "com.apple.product-type.tool";
		};
		81720D5623FAC3F90026D1EE /* 1_1  模板 */ = {
			isa = PBXNativeTarget;
			buildConfigurationList = 81720D5B23FAC3F90026D1EE /* Build configuration list for PBXNativeTarget "1_1  模板" */;
			buildPhases = (
				81720D5323FAC3F90026D1EE /* Sources */,
				81720D5423FAC3F90026D1EE /* Frameworks */,
				81720D5523FAC3F90026D1EE /* CopyFiles */,
			);
			buildRules = (
			);
			dependencies = (
			);
			name = "1_1  模板";
			productName = "1_1  模板";
			productReference = 81720D5723FAC3F90026D1EE /* 1_1  模板 */;
			productType = "com.apple.product-type.tool";
		};
		81720D6123FAEB340026D1EE /* 1_2  类模板 */ = {
			isa = PBXNativeTarget;
			buildConfigurationList = 81720D6623FAEB340026D1EE /* Build configuration list for PBXNativeTarget "1_2  类模板" */;
			buildPhases = (
				81720D5E23FAEB340026D1EE /* Sources */,
				81720D5F23FAEB340026D1EE /* Frameworks */,
				81720D6023FAEB340026D1EE /* CopyFiles */,
			);
			buildRules = (
			);
			dependencies = (
			);
			name = "1_2  类模板";
			productName = "1_2  类模板";
			productReference = 81720D6223FAEB340026D1EE /* 1_2  类模板 */;
			productType = "com.apple.product-type.tool";
		};
		81720D6C23FAED080026D1EE /* 1_3  强化练习：模板实现排序 */ = {
			isa = PBXNativeTarget;
			buildConfigurationList = 81720D7123FAED080026D1EE /* Build configuration list for PBXNativeTarget "1_3  强化练习：模板实现排序" */;
			buildPhases = (
				81720D6923FAED080026D1EE /* Sources */,
				81720D6A23FAED080026D1EE /* Frameworks */,
				81720D6B23FAED080026D1EE /* CopyFiles */,
			);
			buildRules = (
			);
			dependencies = (
			);
			name = "1_3  强化练习：模板实现排序";
			productName = "1_3  强化练习：模板实现排序";
			productReference = 81720D6D23FAED080026D1EE /* 1_3  强化练习：模板实现排序 */;
			productType = "com.apple.product-type.tool";
		};
		81720D7723FD7AAE0026D1EE /* 1_4  类模板派生普通类 */ = {
			isa = PBXNativeTarget;
			buildConfigurationList = 81720D7E23FD7AAE0026D1EE /* Build configuration list for PBXNativeTarget "1_4  类模板派生普通类" */;
			buildPhases = (
				81720D7423FD7AAE0026D1EE /* Sources */,
				81720D7523FD7AAE0026D1EE /* Frameworks */,
				81720D7623FD7AAE0026D1EE /* CopyFiles */,
			);
			buildRules = (
			);
			dependencies = (
			);
			name = "1_4  类模板派生普通类";
			productName = "1_4  类模板派生普通类";
			productReference = 81720D7823FD7AAE0026D1EE /* 1_4  类模板派生普通类 */;
			productType = "com.apple.product-type.tool";
		};
		81720D8223FD856A0026D1EE /* 1_5  类模板外部实现 */ = {
			isa = PBXNativeTarget;
			buildConfigurationList = 81720D8923FD856A0026D1EE /* Build configuration list for PBXNativeTarget "1_5  类模板外部实现" */;
			buildPhases = (
				81720D7F23FD856A0026D1EE /* Sources */,
				81720D8023FD856A0026D1EE /* Frameworks */,
				81720D8123FD856A0026D1EE /* CopyFiles */,
			);
			buildRules = (
			);
			dependencies = (
			);
			name = "1_5  类模板外部实现";
			productName = "1_5  类模板外部实现";
			productReference = 81720D8323FD856A0026D1EE /* 1_5  类模板外部实现 */;
			productType = "com.apple.product-type.tool";
		};
		81720D8D23FD96620026D1EE /* 1_6  类模板外部实现（多文件） */ = {
			isa = PBXNativeTarget;
			buildConfigurationList = 81720D9423FD96620026D1EE /* Build configuration list for PBXNativeTarget "1_6  类模板外部实现（多文件）" */;
			buildPhases = (
				81720D8A23FD96620026D1EE /* Sources */,
				81720D8B23FD96620026D1EE /* Frameworks */,
				81720D8C23FD96620026D1EE /* CopyFiles */,
			);
			buildRules = (
			);
			dependencies = (
			);
			name = "1_6  类模板外部实现（多文件）";
			productName = "1_6  类模板外部实现（多文件）";
			productReference = 81720D8E23FD96620026D1EE /* 1_6  类模板外部实现（多文件） */;
			productType = "com.apple.product-type.tool";
		};
/* End PBXNativeTarget section */

/* Begin PBXProject section */
		81720D4123FAC3CF0026D1EE /* Project object */ = {
			isa = PBXProject;
			attributes = {
				LastUpgradeCheck = 1130;
				ORGANIZATIONNAME = nihaopeng;
				TargetAttributes = {
					81720D4823FAC3CF0026D1EE = {
						CreatedOnToolsVersion = 11.3.1;
					};
					81720D5623FAC3F90026D1EE = {
						CreatedOnToolsVersion = 11.3.1;
					};
					81720D6123FAEB340026D1EE = {
						CreatedOnToolsVersion = 11.3.1;
					};
					81720D6C23FAED080026D1EE = {
						CreatedOnToolsVersion = 11.3.1;
					};
					81720D7723FD7AAE0026D1EE = {
						CreatedOnToolsVersion = 11.3.1;
					};
					81720D8223FD856A0026D1EE = {
						CreatedOnToolsVersion = 11.3.1;
					};
					81720D8D23FD96620026D1EE = {
						CreatedOnToolsVersion = 11.3.1;
					};
				};
			};
			buildConfigurationList = 81720D4423FAC3CF0026D1EE /* Build configuration list for PBXProject "STL" */;
			compatibilityVersion = "Xcode 9.3";
			developmentRegion = en;
			hasScannedForEncodings = 0;
			knownRegions = (
				en,
				Base,
			);
			mainGroup = 81720D4023FAC3CF0026D1EE;
			productRefGroup = 81720D4A23FAC3CF0026D1EE /* Products */;
			projectDirPath = "";
			projectRoot = "";
			targets = (
				81720D4823FAC3CF0026D1EE /* STL */,
				81720D5623FAC3F90026D1EE /* 1_1  模板 */,
				81720D6123FAEB340026D1EE /* 1_2  类模板 */,
				81720D6C23FAED080026D1EE /* 1_3  强化练习：模板实现排序 */,
				81720D7723FD7AAE0026D1EE /* 1_4  类模板派生普通类 */,
				81720D8223FD856A0026D1EE /* 1_5  类模板外部实现 */,
				81720D8D23FD96620026D1EE /* 1_6  类模板外部实现（多文件） */,
			);
		};
/* End PBXProject section */

/* Begin PBXSourcesBuildPhase section */
		81720D4523FAC3CF0026D1EE /* Sources */ = {
			isa = PBXSourcesBuildPhase;
			buildActionMask = 2147483647;
			files = (
				81720D4D23FAC3CF0026D1EE /* main.cpp in Sources */,
			);
			runOnlyForDeploymentPostprocessing = 0;
		};
		81720D5323FAC3F90026D1EE /* Sources */ = {
			isa = PBXSourcesBuildPhase;
			buildActionMask = 2147483647;
			files = (
				81720D5A23FAC3F90026D1EE /* main.cpp in Sources */,
			);
			runOnlyForDeploymentPostprocessing = 0;
		};
		81720D5E23FAEB340026D1EE /* Sources */ = {
			isa = PBXSourcesBuildPhase;
			buildActionMask = 2147483647;
			files = (
				81720D6523FAEB340026D1EE /* main.cpp in Sources */,
			);
			runOnlyForDeploymentPostprocessing = 0;
		};
		81720D6923FAED080026D1EE /* Sources */ = {
			isa = PBXSourcesBuildPhase;
			buildActionMask = 2147483647;
			files = (
				81720D7023FAED080026D1EE /* main.cpp in Sources */,
			);
			runOnlyForDeploymentPostprocessing = 0;
		};
		81720D7423FD7AAE0026D1EE /* Sources */ = {
			isa = PBXSourcesBuildPhase;
			buildActionMask = 2147483647;
			files = (
				81720D7B23FD7AAE0026D1EE /* main.cpp in Sources */,
			);
			runOnlyForDeploymentPostprocessing = 0;
		};
		81720D7F23FD856A0026D1EE /* Sources */ = {
			isa = PBXSourcesBuildPhase;
			buildActionMask = 2147483647;
			files = (
				81720D8623FD856A0026D1EE /* main.cpp in Sources */,
			);
			runOnlyForDeploymentPostprocessing = 0;
		};
		81720D8A23FD96620026D1EE /* Sources */ = {
			isa = PBXSourcesBuildPhase;
			buildActionMask = 2147483647;
			files = (
				81720D9123FD96620026D1EE /* main.cpp in Sources */,
			);
			runOnlyForDeploymentPostprocessing = 0;
		};
/* End PBXSourcesBuildPhase section */

/* Begin XCBuildConfiguration section */
		81720D4E23FAC3CF0026D1EE /* Debug */ = {
			isa = XCBuildConfiguration;
			buildSettings = {
				ALWAYS_SEARCH_USER_PATHS = NO;
				CLANG_ANALYZER_NONNULL = YES;
				CLANG_ANALYZER_NUMBER_OBJECT_CONVERSION = YES_AGGRESSIVE;
				CLANG_CXX_LANGUAGE_STANDARD = "gnu++14";
				CLANG_CXX_LIBRARY = "libc++";
				CLANG_ENABLE_MODULES = YES;
				CLANG_ENABLE_OBJC_ARC = YES;
				CLANG_ENABLE_OBJC_WEAK = YES;
				CLANG_WARN_BLOCK_CAPTURE_AUTORELEASING = YES;
				CLANG_WARN_BOOL_CONVERSION = YES;
				CLANG_WARN_COMMA = YES;
				CLANG_WARN_CONSTANT_CONVERSION = YES;
				CLANG_WARN_DEPRECATED_OBJC_IMPLEMENTATIONS = YES;
				CLANG_WARN_DIRECT_OBJC_ISA_USAGE = YES_ERROR;
				CLANG_WARN_DOCUMENTATION_COMMENTS = YES;
				CLANG_WARN_EMPTY_BODY = YES;
				CLANG_WARN_ENUM_CONVERSION = YES;
				CLANG_WARN_INFINITE_RECURSION = YES;
				CLANG_WARN_INT_CONVERSION = YES;
				CLANG_WARN_NON_LITERAL_NULL_CONVERSION = YES;
				CLANG_WARN_OBJC_IMPLICIT_RETAIN_SELF = YES;
				CLANG_WARN_OBJC_LITERAL_CONVERSION = YES;
				CLANG_WARN_OBJC_ROOT_CLASS = YES_ERROR;
				CLANG_WARN_RANGE_LOOP_ANALYSIS = YES;
				CLANG_WARN_STRICT_PROTOTYPES = YES;
				CLANG_WARN_SUSPICIOUS_MOVE = YES;
				CLANG_WARN_UNGUARDED_AVAILABILITY = YES_AGGRESSIVE;
				CLANG_WARN_UNREACHABLE_CODE = YES;
				CLANG_WARN__DUPLICATE_METHOD_MATCH = YES;
				COPY_PHASE_STRIP = NO;
				DEBUG_INFORMATION_FORMAT = dwarf;
				ENABLE_STRICT_OBJC_MSGSEND = YES;
				ENABLE_TESTABILITY = YES;
				GCC_C_LANGUAGE_STANDARD = gnu11;
				GCC_DYNAMIC_NO_PIC = NO;
				GCC_NO_COMMON_BLOCKS = YES;
				GCC_OPTIMIZATION_LEVEL = 0;
				GCC_PREPROCESSOR_DEFINITIONS = (
					"DEBUG=1",
					"$(inherited)",
				);
				GCC_WARN_64_TO_32_BIT_CONVERSION = YES;
				GCC_WARN_ABOUT_RETURN_TYPE = YES_ERROR;
				GCC_WARN_UNDECLARED_SELECTOR = YES;
				GCC_WARN_UNINITIALIZED_AUTOS = YES_AGGRESSIVE;
				GCC_WARN_UNUSED_FUNCTION = YES;
				GCC_WARN_UNUSED_VARIABLE = YES;
				MACOSX_DEPLOYMENT_TARGET = 10.15;
				MTL_ENABLE_DEBUG_INFO = INCLUDE_SOURCE;
				MTL_FAST_MATH = YES;
				ONLY_ACTIVE_ARCH = YES;
				SDKROOT = macosx;
			};
			name = Debug;
		};
		81720D4F23FAC3CF0026D1EE /* Release */ = {
			isa = XCBuildConfiguration;
			buildSettings = {
				ALWAYS_SEARCH_USER_PATHS = NO;
				CLANG_ANALYZER_NONNULL = YES;
				CLANG_ANALYZER_NUMBER_OBJECT_CONVERSION = YES_AGGRESSIVE;
				CLANG_CXX_LANGUAGE_STANDARD = "gnu++14";
				CLANG_CXX_LIBRARY = "libc++";
				CLANG_ENABLE_MODULES = YES;
				CLANG_ENABLE_OBJC_ARC = YES;
				CLANG_ENABLE_OBJC_WEAK = YES;
				CLANG_WARN_BLOCK_CAPTURE_AUTORELEASING = YES;
				CLANG_WARN_BOOL_CONVERSION = YES;
				CLANG_WARN_COMMA = YES;
				CLANG_WARN_CONSTANT_CONVERSION = YES;
				CLANG_WARN_DEPRECATED_OBJC_IMPLEMENTATIONS = YES;
				CLANG_WARN_DIRECT_OBJC_ISA_USAGE = YES_ERROR;
				CLANG_WARN_DOCUMENTATION_COMMENTS = YES;
				CLANG_WARN_EMPTY_BODY = YES;
				CLANG_WARN_ENUM_CONVERSION = YES;
				CLANG_WARN_INFINITE_RECURSION = YES;
				CLANG_WARN_INT_CONVERSION = YES;
				CLANG_WARN_NON_LITERAL_NULL_CONVERSION = YES;
				CLANG_WARN_OBJC_IMPLICIT_RETAIN_SELF = YES;
				CLANG_WARN_OBJC_LITERAL_CONVERSION = YES;
				CLANG_WARN_OBJC_ROOT_CLASS = YES_ERROR;
				CLANG_WARN_RANGE_LOOP_ANALYSIS = YES;
				CLANG_WARN_STRICT_PROTOTYPES = YES;
				CLANG_WARN_SUSPICIOUS_MOVE = YES;
				CLANG_WARN_UNGUARDED_AVAILABILITY = YES_AGGRESSIVE;
				CLANG_WARN_UNREACHABLE_CODE = YES;
				CLANG_WARN__DUPLICATE_METHOD_MATCH = YES;
				COPY_PHASE_STRIP = NO;
				DEBUG_INFORMATION_FORMAT = "dwarf-with-dsym";
				ENABLE_NS_ASSERTIONS = NO;
				ENABLE_STRICT_OBJC_MSGSEND = YES;
				GCC_C_LANGUAGE_STANDARD = gnu11;
				GCC_NO_COMMON_BLOCKS = YES;
				GCC_WARN_64_TO_32_BIT_CONVERSION = YES;
				GCC_WARN_ABOUT_RETURN_TYPE = YES_ERROR;
				GCC_WARN_UNDECLARED_SELECTOR = YES;
				GCC_WARN_UNINITIALIZED_AUTOS = YES_AGGRESSIVE;
				GCC_WARN_UNUSED_FUNCTION = YES;
				GCC_WARN_UNUSED_VARIABLE = YES;
				MACOSX_DEPLOYMENT_TARGET = 10.15;
				MTL_ENABLE_DEBUG_INFO = NO;
				MTL_FAST_MATH = YES;
				SDKROOT = macosx;
			};
			name = Release;
		};
		81720D5123FAC3CF0026D1EE /* Debug */ = {
			isa = XCBuildConfiguration;
			buildSettings = {
				CODE_SIGN_STYLE = Automatic;
				PRODUCT_NAME = "$(TARGET_NAME)";
			};
			name = Debug;
		};
		81720D5223FAC3CF0026D1EE /* Release */ = {
			isa = XCBuildConfiguration;
			buildSettings = {
				CODE_SIGN_STYLE = Automatic;
				PRODUCT_NAME = "$(TARGET_NAME)";
			};
			name = Release;
		};
		81720D5C23FAC3F90026D1EE /* Debug */ = {
			isa = XCBuildConfiguration;
			buildSettings = {
				CODE_SIGN_STYLE = Automatic;
				PRODUCT_NAME = "$(TARGET_NAME)";
			};
			name = Debug;
		};
		81720D5D23FAC3F90026D1EE /* Release */ = {
			isa = XCBuildConfiguration;
			buildSettings = {
				CODE_SIGN_STYLE = Automatic;
				PRODUCT_NAME = "$(TARGET_NAME)";
			};
			name = Release;
		};
		81720D6723FAEB340026D1EE /* Debug */ = {
			isa = XCBuildConfiguration;
			buildSettings = {
				CODE_SIGN_STYLE = Automatic;
				PRODUCT_NAME = "$(TARGET_NAME)";
			};
			name = Debug;
		};
		81720D6823FAEB340026D1EE /* Release */ = {
			isa = XCBuildConfiguration;
			buildSettings = {
				CODE_SIGN_STYLE = Automatic;
				PRODUCT_NAME = "$(TARGET_NAME)";
			};
			name = Release;
		};
		81720D7223FAED080026D1EE /* Debug */ = {
			isa = XCBuildConfiguration;
			buildSettings = {
				CODE_SIGN_STYLE = Automatic;
				PRODUCT_NAME = "$(TARGET_NAME)";
			};
			name = Debug;
		};
		81720D7323FAED080026D1EE /* Release */ = {
			isa = XCBuildConfiguration;
			buildSettings = {
				CODE_SIGN_STYLE = Automatic;
				PRODUCT_NAME = "$(TARGET_NAME)";
			};
			name = Release;
		};
		81720D7C23FD7AAE0026D1EE /* Debug */ = {
			isa = XCBuildConfiguration;
			buildSettings = {
				CODE_SIGN_STYLE = Automatic;
				PRODUCT_NAME = "$(TARGET_NAME)";
			};
			name = Debug;
		};
		81720D7D23FD7AAE0026D1EE /* Release */ = {
			isa = XCBuildConfiguration;
			buildSettings = {
				CODE_SIGN_STYLE = Automatic;
				PRODUCT_NAME = "$(TARGET_NAME)";
			};
			name = Release;
		};
		81720D8723FD856A0026D1EE /* Debug */ = {
			isa = XCBuildConfiguration;
			buildSettings = {
				CODE_SIGN_STYLE = Automatic;
				PRODUCT_NAME = "$(TARGET_NAME)";
			};
			name = Debug;
		};
		81720D8823FD856A0026D1EE /* Release */ = {
			isa = XCBuildConfiguration;
			buildSettings = {
				CODE_SIGN_STYLE = Automatic;
				PRODUCT_NAME = "$(TARGET_NAME)";
			};
			name = Release;
		};
		81720D9223FD96620026D1EE /* Debug */ = {
			isa = XCBuildConfiguration;
			buildSettings = {
				CODE_SIGN_STYLE = Automatic;
				PRODUCT_NAME = "$(TARGET_NAME)";
			};
			name = Debug;
		};
		81720D9323FD96620026D1EE /* Release */ = {
			isa = XCBuildConfiguration;
			buildSettings = {
				CODE_SIGN_STYLE = Automatic;
				PRODUCT_NAME = "$(TARGET_NAME)";
			};
			name = Release;
		};
/* End XCBuildConfiguration section */

/* Begin XCConfigurationList section */
		81720D4423FAC3CF0026D1EE /* Build configuration list for PBXProject "STL" */ = {
			isa = XCConfigurationList;
			buildConfigurations = (
				81720D4E23FAC3CF0026D1EE /* Debug */,
				81720D4F23FAC3CF0026D1EE /* Release */,
			);
			defaultConfigurationIsVisible = 0;
			defaultConfigurationName = Release;
		};
		81720D5023FAC3CF0026D1EE /* Build configuration list for PBXNativeTarget "STL" */ = {
			isa = XCConfigurationList;
			buildConfigurations = (
				81720D5123FAC3CF0026D1EE /* Debug */,
				81720D5223FAC3CF0026D1EE /* Release */,
			);
			defaultConfigurationIsVisible = 0;
			defaultConfigurationName = Release;
		};
		81720D5B23FAC3F90026D1EE /* Build configuration list for PBXNativeTarget "1_1  模板" */ = {
			isa = XCConfigurationList;
			buildConfigurations = (
				81720D5C23FAC3F90026D1EE /* Debug */,
				81720D5D23FAC3F90026D1EE /* Release */,
			);
			defaultConfigurationIsVisible = 0;
			defaultConfigurationName = Release;
		};
		81720D6623FAEB340026D1EE /* Build configuration list for PBXNativeTarget "1_2  类模板" */ = {
			isa = XCConfigurationList;
			buildConfigurations = (
				81720D6723FAEB340026D1EE /* Debug */,
				81720D6823FAEB340026D1EE /* Release */,
			);
			defaultConfigurationIsVisible = 0;
			defaultConfigurationName = Release;
		};
		81720D7123FAED080026D1EE /* Build configuration list for PBXNativeTarget "1_3  强化练习：模板实现排序" */ = {
			isa = XCConfigurationList;
			buildConfigurations = (
				81720D7223FAED080026D1EE /* Debug */,
				81720D7323FAED080026D1EE /* Release */,
			);
			defaultConfigurationIsVisible = 0;
			defaultConfigurationName = Release;
		};
		81720D7E23FD7AAE0026D1EE /* Build configuration list for PBXNativeTarget "1_4  类模板派生普通类" */ = {
			isa = XCConfigurationList;
			buildConfigurations = (
				81720D7C23FD7AAE0026D1EE /* Debug */,
				81720D7D23FD7AAE0026D1EE /* Release */,
			);
			defaultConfigurationIsVisible = 0;
			defaultConfigurationName = Release;
		};
		81720D8923FD856A0026D1EE /* Build configuration list for PBXNativeTarget "1_5  类模板外部实现" */ = {
			isa = XCConfigurationList;
			buildConfigurations = (
				81720D8723FD856A0026D1EE /* Debug */,
				81720D8823FD856A0026D1EE /* Release */,
			);
			defaultConfigurationIsVisible = 0;
			defaultConfigurationName = Release;
		};
		81720D9423FD96620026D1EE /* Build configuration list for PBXNativeTarget "1_6  类模板外部实现（多文件）" */ = {
			isa = XCConfigurationList;
			buildConfigurations = (
				81720D9223FD96620026D1EE /* Debug */,
				81720D9323FD96620026D1EE /* Release */,
			);
			defaultConfigurationIsVisible = 0;
			defaultConfigurationName = Release;
		};
/* End XCConfigurationList section */
	};
	rootObject = 81720D4123FAC3CF0026D1EE /* Project object */;
}
