// !$*UTF8*$!
{
	archiveVersion = 1;
	classes = {
	};
	objectVersion = 50;
	objects = {

/* Begin PBXBuildFile section */
		818CCEF123D7ED7F003EBF6B /* test.cpp in Sources */ = {isa = PBXBuildFile; fileRef = 818CCEEF23D7ED7F003EBF6B /* test.cpp */; };
		81B11D7A23D09ADE00B8B244 /* main.cpp in Sources */ = {isa = PBXBuildFile; fileRef = 81B11D7923D09ADE00B8B244 /* main.cpp */; };
		81FF86D323D3ED6000613B77 /* main.cpp in Sources */ = {isa = PBXBuildFile; fileRef = 81FF86D223D3ED6000613B77 /* main.cpp */; };
		81FF86EB23D7EBA800613B77 /* main.cpp in Sources */ = {isa = PBXBuildFile; fileRef = 81FF86EA23D7EBA800613B77 /* main.cpp */; };
/* End PBXBuildFile section */

/* Begin PBXCopyFilesBuildPhase section */
		81B11D7423D09ADE00B8B244 /* CopyFiles */ = {
			isa = PBXCopyFilesBuildPhase;
			buildActionMask = 2147483647;
			dstPath = /usr/share/man/man1/;
			dstSubfolderSpec = 0;
			files = (
			);
			runOnlyForDeploymentPostprocessing = 1;
		};
		81FF86CE23D3ED6000613B77 /* CopyFiles */ = {
			isa = PBXCopyFilesBuildPhase;
			buildActionMask = 2147483647;
			dstPath = /usr/share/man/man1/;
			dstSubfolderSpec = 0;
			files = (
			);
			runOnlyForDeploymentPostprocessing = 1;
		};
		81FF86E623D7EBA800613B77 /* CopyFiles */ = {
			isa = PBXCopyFilesBuildPhase;
			buildActionMask = 2147483647;
			dstPath = /usr/share/man/man1/;
			dstSubfolderSpec = 0;
			files = (
			);
			runOnlyForDeploymentPostprocessing = 1;
		};
/* End PBXCopyFilesBuildPhase section */

/* Begin PBXFileReference section */
		818CCEEF23D7ED7F003EBF6B /* test.cpp */ = {isa = PBXFileReference; lastKnownFileType = sourcecode.cpp.cpp; path = test.cpp; sourceTree = "<group>"; };
		818CCEF023D7ED7F003EBF6B /* test.hpp */ = {isa = PBXFileReference; lastKnownFileType = sourcecode.cpp.h; path = test.hpp; sourceTree = "<group>"; };
		81B11D7623D09ADE00B8B244 /* C_project */ = {isa = PBXFileReference; explicitFileType = "compiled.mach-o.executable"; includeInIndex = 0; path = C_project; sourceTree = BUILT_PRODUCTS_DIR; };
		81B11D7923D09ADE00B8B244 /* main.cpp */ = {isa = PBXFileReference; lastKnownFileType = sourcecode.cpp.cpp; path = main.cpp; sourceTree = "<group>"; };
		81FF86D023D3ED6000613B77 /* define_namespace */ = {isa = PBXFileReference; explicitFileType = "compiled.mach-o.executable"; includeInIndex = 0; path = define_namespace; sourceTree = BUILT_PRODUCTS_DIR; };
		81FF86D223D3ED6000613B77 /* main.cpp */ = {isa = PBXFileReference; lastKnownFileType = sourcecode.cpp.cpp; path = main.cpp; sourceTree = "<group>"; };
		81FF86E823D7EBA800613B77 /* C++增强部分 */ = {isa = PBXFileReference; explicitFileType = "compiled.mach-o.executable"; includeInIndex = 0; path = "C++增强部分"; sourceTree = BUILT_PRODUCTS_DIR; };
		81FF86EA23D7EBA800613B77 /* main.cpp */ = {isa = PBXFileReference; lastKnownFileType = sourcecode.cpp.cpp; path = main.cpp; sourceTree = "<group>"; };
/* End PBXFileReference section */

/* Begin PBXFrameworksBuildPhase section */
		81B11D7323D09ADE00B8B244 /* Frameworks */ = {
			isa = PBXFrameworksBuildPhase;
			buildActionMask = 2147483647;
			files = (
			);
			runOnlyForDeploymentPostprocessing = 0;
		};
		81FF86CD23D3ED6000613B77 /* Frameworks */ = {
			isa = PBXFrameworksBuildPhase;
			buildActionMask = 2147483647;
			files = (
			);
			runOnlyForDeploymentPostprocessing = 0;
		};
		81FF86E523D7EBA800613B77 /* Frameworks */ = {
			isa = PBXFrameworksBuildPhase;
			buildActionMask = 2147483647;
			files = (
			);
			runOnlyForDeploymentPostprocessing = 0;
		};
/* End PBXFrameworksBuildPhase section */

/* Begin PBXGroup section */
		81B11D6D23D09ADE00B8B244 = {
			isa = PBXGroup;
			children = (
				81B11D7823D09ADE00B8B244 /* C_project */,
				81FF86D123D3ED6000613B77 /* define_namespace */,
				81FF86E923D7EBA800613B77 /* C++增强部分 */,
				81B11D7723D09ADE00B8B244 /* Products */,
			);
			sourceTree = "<group>";
		};
		81B11D7723D09ADE00B8B244 /* Products */ = {
			isa = PBXGroup;
			children = (
				81B11D7623D09ADE00B8B244 /* C_project */,
				81FF86D023D3ED6000613B77 /* define_namespace */,
				81FF86E823D7EBA800613B77 /* C++增强部分 */,
			);
			name = Products;
			sourceTree = "<group>";
		};
		81B11D7823D09ADE00B8B244 /* C_project */ = {
			isa = PBXGroup;
			children = (
				81B11D7923D09ADE00B8B244 /* main.cpp */,
			);
			path = C_project;
			sourceTree = "<group>";
		};
		81FF86D123D3ED6000613B77 /* define_namespace */ = {
			isa = PBXGroup;
			children = (
				81FF86D223D3ED6000613B77 /* main.cpp */,
			);
			path = define_namespace;
			sourceTree = "<group>";
		};
		81FF86E923D7EBA800613B77 /* C++增强部分 */ = {
			isa = PBXGroup;
			children = (
				81FF86EA23D7EBA800613B77 /* main.cpp */,
				818CCEEF23D7ED7F003EBF6B /* test.cpp */,
				818CCEF023D7ED7F003EBF6B /* test.hpp */,
			);
			path = "C++增强部分";
			sourceTree = "<group>";
		};
/* End PBXGroup section */

/* Begin PBXNativeTarget section */
		81B11D7523D09ADE00B8B244 /* C_project */ = {
			isa = PBXNativeTarget;
			buildConfigurationList = 81B11D7D23D09ADE00B8B244 /* Build configuration list for PBXNativeTarget "C_project" */;
			buildPhases = (
				81B11D7223D09ADE00B8B244 /* Sources */,
				81B11D7323D09ADE00B8B244 /* Frameworks */,
				81B11D7423D09ADE00B8B244 /* CopyFiles */,
			);
			buildRules = (
			);
			dependencies = (
			);
			name = C_project;
			productName = C_project;
			productReference = 81B11D7623D09ADE00B8B244 /* C_project */;
			productType = "com.apple.product-type.tool";
		};
		81FF86CF23D3ED6000613B77 /* define_namespace */ = {
			isa = PBXNativeTarget;
			buildConfigurationList = 81FF86D623D3ED6000613B77 /* Build configuration list for PBXNativeTarget "define_namespace" */;
			buildPhases = (
				81FF86CC23D3ED6000613B77 /* Sources */,
				81FF86CD23D3ED6000613B77 /* Frameworks */,
				81FF86CE23D3ED6000613B77 /* CopyFiles */,
			);
			buildRules = (
			);
			dependencies = (
			);
			name = define_namespace;
			productName = define_namespace;
			productReference = 81FF86D023D3ED6000613B77 /* define_namespace */;
			productType = "com.apple.product-type.tool";
		};
		81FF86E723D7EBA800613B77 /* C++增强部分 */ = {
			isa = PBXNativeTarget;
			buildConfigurationList = 81FF86EC23D7EBA800613B77 /* Build configuration list for PBXNativeTarget "C++增强部分" */;
			buildPhases = (
				81FF86E423D7EBA800613B77 /* Sources */,
				81FF86E523D7EBA800613B77 /* Frameworks */,
				81FF86E623D7EBA800613B77 /* CopyFiles */,
			);
			buildRules = (
			);
			dependencies = (
			);
			name = "C++增强部分";
			productName = "C++增强部分";
			productReference = 81FF86E823D7EBA800613B77 /* C++增强部分 */;
			productType = "com.apple.product-type.tool";
		};
/* End PBXNativeTarget section */

/* Begin PBXProject section */
		81B11D6E23D09ADE00B8B244 /* Project object */ = {
			isa = PBXProject;
			attributes = {
				LastUpgradeCheck = 1130;
				ORGANIZATIONNAME = nihaopeng;
				TargetAttributes = {
					81B11D7523D09ADE00B8B244 = {
						CreatedOnToolsVersion = 11.3.1;
					};
					81FF86CF23D3ED6000613B77 = {
						CreatedOnToolsVersion = 11.3.1;
					};
					81FF86E723D7EBA800613B77 = {
						CreatedOnToolsVersion = 11.3.1;
					};
				};
			};
			buildConfigurationList = 81B11D7123D09ADE00B8B244 /* Build configuration list for PBXProject "C_project" */;
			compatibilityVersion = "Xcode 9.3";
			developmentRegion = en;
			hasScannedForEncodings = 0;
			knownRegions = (
				en,
				Base,
			);
			mainGroup = 81B11D6D23D09ADE00B8B244;
			productRefGroup = 81B11D7723D09ADE00B8B244 /* Products */;
			projectDirPath = "";
			projectRoot = "";
			targets = (
				81B11D7523D09ADE00B8B244 /* C_project */,
				81FF86CF23D3ED6000613B77 /* define_namespace */,
				81FF86E723D7EBA800613B77 /* C++增强部分 */,
			);
		};
/* End PBXProject section */

/* Begin PBXSourcesBuildPhase section */
		81B11D7223D09ADE00B8B244 /* Sources */ = {
			isa = PBXSourcesBuildPhase;
			buildActionMask = 2147483647;
			files = (
				81B11D7A23D09ADE00B8B244 /* main.cpp in Sources */,
			);
			runOnlyForDeploymentPostprocessing = 0;
		};
		81FF86CC23D3ED6000613B77 /* Sources */ = {
			isa = PBXSourcesBuildPhase;
			buildActionMask = 2147483647;
			files = (
				81FF86D323D3ED6000613B77 /* main.cpp in Sources */,
			);
			runOnlyForDeploymentPostprocessing = 0;
		};
		81FF86E423D7EBA800613B77 /* Sources */ = {
			isa = PBXSourcesBuildPhase;
			buildActionMask = 2147483647;
			files = (
				81FF86EB23D7EBA800613B77 /* main.cpp in Sources */,
				818CCEF123D7ED7F003EBF6B /* test.cpp in Sources */,
			);
			runOnlyForDeploymentPostprocessing = 0;
		};
/* End PBXSourcesBuildPhase section */

/* Begin XCBuildConfiguration section */
		81B11D7B23D09ADE00B8B244 /* Debug */ = {
			isa = XCBuildConfiguration;
			buildSettings = {
				ALWAYS_SEARCH_USER_PATHS = NO;
				CLANG_ANALYZER_NONNULL = YES;
				CLANG_ANALYZER_NUMBER_OBJECT_CONVERSION = YES_AGGRESSIVE;
				CLANG_CXX_LANGUAGE_STANDARD = "gnu++14";
				CLANG_CXX_LIBRARY = "libc++";
				CLANG_ENABLE_MODULES = YES;
				CLANG_ENABLE_OBJC_ARC = YES;
				CLANG_ENABLE_OBJC_WEAK = YES;
				CLANG_WARN_BLOCK_CAPTURE_AUTORELEASING = YES;
				CLANG_WARN_BOOL_CONVERSION = YES;
				CLANG_WARN_COMMA = YES;
				CLANG_WARN_CONSTANT_CONVERSION = YES;
				CLANG_WARN_DEPRECATED_OBJC_IMPLEMENTATIONS = YES;
				CLANG_WARN_DIRECT_OBJC_ISA_USAGE = YES_ERROR;
				CLANG_WARN_DOCUMENTATION_COMMENTS = YES;
				CLANG_WARN_EMPTY_BODY = YES;
				CLANG_WARN_ENUM_CONVERSION = YES;
				CLANG_WARN_INFINITE_RECURSION = YES;
				CLANG_WARN_INT_CONVERSION = YES;
				CLANG_WARN_NON_LITERAL_NULL_CONVERSION = YES;
				CLANG_WARN_OBJC_IMPLICIT_RETAIN_SELF = YES;
				CLANG_WARN_OBJC_LITERAL_CONVERSION = YES;
				CLANG_WARN_OBJC_ROOT_CLASS = YES_ERROR;
				CLANG_WARN_RANGE_LOOP_ANALYSIS = YES;
				CLANG_WARN_STRICT_PROTOTYPES = YES;
				CLANG_WARN_SUSPICIOUS_MOVE = YES;
				CLANG_WARN_UNGUARDED_AVAILABILITY = YES_AGGRESSIVE;
				CLANG_WARN_UNREACHABLE_CODE = YES;
				CLANG_WARN__DUPLICATE_METHOD_MATCH = YES;
				COPY_PHASE_STRIP = NO;
				DEBUG_INFORMATION_FORMAT = dwarf;
				ENABLE_STRICT_OBJC_MSGSEND = YES;
				ENABLE_TESTABILITY = YES;
				GCC_C_LANGUAGE_STANDARD = gnu11;
				GCC_DYNAMIC_NO_PIC = NO;
				GCC_NO_COMMON_BLOCKS = YES;
				GCC_OPTIMIZATION_LEVEL = 0;
				GCC_PREPROCESSOR_DEFINITIONS = (
					"DEBUG=1",
					"$(inherited)",
				);
				GCC_WARN_64_TO_32_BIT_CONVERSION = YES;
				GCC_WARN_ABOUT_RETURN_TYPE = YES_ERROR;
				GCC_WARN_UNDECLARED_SELECTOR = YES;
				GCC_WARN_UNINITIALIZED_AUTOS = YES_AGGRESSIVE;
				GCC_WARN_UNUSED_FUNCTION = YES;
				GCC_WARN_UNUSED_VARIABLE = YES;
				MACOSX_DEPLOYMENT_TARGET = 10.15;
				MTL_ENABLE_DEBUG_INFO = INCLUDE_SOURCE;
				MTL_FAST_MATH = YES;
				ONLY_ACTIVE_ARCH = YES;
				SDKROOT = macosx;
			};
			name = Debug;
		};
		81B11D7C23D09ADE00B8B244 /* Release */ = {
			isa = XCBuildConfiguration;
			buildSettings = {
				ALWAYS_SEARCH_USER_PATHS = NO;
				CLANG_ANALYZER_NONNULL = YES;
				CLANG_ANALYZER_NUMBER_OBJECT_CONVERSION = YES_AGGRESSIVE;
				CLANG_CXX_LANGUAGE_STANDARD = "gnu++14";
				CLANG_CXX_LIBRARY = "libc++";
				CLANG_ENABLE_MODULES = YES;
				CLANG_ENABLE_OBJC_ARC = YES;
				CLANG_ENABLE_OBJC_WEAK = YES;
				CLANG_WARN_BLOCK_CAPTURE_AUTORELEASING = YES;
				CLANG_WARN_BOOL_CONVERSION = YES;
				CLANG_WARN_COMMA = YES;
				CLANG_WARN_CONSTANT_CONVERSION = YES;
				CLANG_WARN_DEPRECATED_OBJC_IMPLEMENTATIONS = YES;
				CLANG_WARN_DIRECT_OBJC_ISA_USAGE = YES_ERROR;
				CLANG_WARN_DOCUMENTATION_COMMENTS = YES;
				CLANG_WARN_EMPTY_BODY = YES;
				CLANG_WARN_ENUM_CONVERSION = YES;
				CLANG_WARN_INFINITE_RECURSION = YES;
				CLANG_WARN_INT_CONVERSION = YES;
				CLANG_WARN_NON_LITERAL_NULL_CONVERSION = YES;
				CLANG_WARN_OBJC_IMPLICIT_RETAIN_SELF = YES;
				CLANG_WARN_OBJC_LITERAL_CONVERSION = YES;
				CLANG_WARN_OBJC_ROOT_CLASS = YES_ERROR;
				CLANG_WARN_RANGE_LOOP_ANALYSIS = YES;
				CLANG_WARN_STRICT_PROTOTYPES = YES;
				CLANG_WARN_SUSPICIOUS_MOVE = YES;
				CLANG_WARN_UNGUARDED_AVAILABILITY = YES_AGGRESSIVE;
				CLANG_WARN_UNREACHABLE_CODE = YES;
				CLANG_WARN__DUPLICATE_METHOD_MATCH = YES;
				COPY_PHASE_STRIP = NO;
				DEBUG_INFORMATION_FORMAT = "dwarf-with-dsym";
				ENABLE_NS_ASSERTIONS = NO;
				ENABLE_STRICT_OBJC_MSGSEND = YES;
				GCC_C_LANGUAGE_STANDARD = gnu11;
				GCC_NO_COMMON_BLOCKS = YES;
				GCC_WARN_64_TO_32_BIT_CONVERSION = YES;
				GCC_WARN_ABOUT_RETURN_TYPE = YES_ERROR;
				GCC_WARN_UNDECLARED_SELECTOR = YES;
				GCC_WARN_UNINITIALIZED_AUTOS = YES_AGGRESSIVE;
				GCC_WARN_UNUSED_FUNCTION = YES;
				GCC_WARN_UNUSED_VARIABLE = YES;
				MACOSX_DEPLOYMENT_TARGET = 10.15;
				MTL_ENABLE_DEBUG_INFO = NO;
				MTL_FAST_MATH = YES;
				SDKROOT = macosx;
			};
			name = Release;
		};
		81B11D7E23D09ADE00B8B244 /* Debug */ = {
			isa = XCBuildConfiguration;
			buildSettings = {
				CODE_SIGN_STYLE = Automatic;
				PRODUCT_NAME = "$(TARGET_NAME)";
			};
			name = Debug;
		};
		81B11D7F23D09ADE00B8B244 /* Release */ = {
			isa = XCBuildConfiguration;
			buildSettings = {
				CODE_SIGN_STYLE = Automatic;
				PRODUCT_NAME = "$(TARGET_NAME)";
			};
			name = Release;
		};
		81FF86D423D3ED6000613B77 /* Debug */ = {
			isa = XCBuildConfiguration;
			buildSettings = {
				CODE_SIGN_STYLE = Automatic;
				PRODUCT_NAME = "$(TARGET_NAME)";
			};
			name = Debug;
		};
		81FF86D523D3ED6000613B77 /* Release */ = {
			isa = XCBuildConfiguration;
			buildSettings = {
				CODE_SIGN_STYLE = Automatic;
				PRODUCT_NAME = "$(TARGET_NAME)";
			};
			name = Release;
		};
		81FF86ED23D7EBA800613B77 /* Debug */ = {
			isa = XCBuildConfiguration;
			buildSettings = {
				CODE_SIGN_STYLE = Automatic;
				PRODUCT_NAME = "$(TARGET_NAME)";
			};
			name = Debug;
		};
		81FF86EE23D7EBA800613B77 /* Release */ = {
			isa = XCBuildConfiguration;
			buildSettings = {
				CODE_SIGN_STYLE = Automatic;
				PRODUCT_NAME = "$(TARGET_NAME)";
			};
			name = Release;
		};
/* End XCBuildConfiguration section */

/* Begin XCConfigurationList section */
		81B11D7123D09ADE00B8B244 /* Build configuration list for PBXProject "C_project" */ = {
			isa = XCConfigurationList;
			buildConfigurations = (
				81B11D7B23D09ADE00B8B244 /* Debug */,
				81B11D7C23D09ADE00B8B244 /* Release */,
			);
			defaultConfigurationIsVisible = 0;
			defaultConfigurationName = Release;
		};
		81B11D7D23D09ADE00B8B244 /* Build configuration list for PBXNativeTarget "C_project" */ = {
			isa = XCConfigurationList;
			buildConfigurations = (
				81B11D7E23D09ADE00B8B244 /* Debug */,
				81B11D7F23D09ADE00B8B244 /* Release */,
			);
			defaultConfigurationIsVisible = 0;
			defaultConfigurationName = Release;
		};
		81FF86D623D3ED6000613B77 /* Build configuration list for PBXNativeTarget "define_namespace" */ = {
			isa = XCConfigurationList;
			buildConfigurations = (
				81FF86D423D3ED6000613B77 /* Debug */,
				81FF86D523D3ED6000613B77 /* Release */,
			);
			defaultConfigurationIsVisible = 0;
			defaultConfigurationName = Release;
		};
		81FF86EC23D7EBA800613B77 /* Build configuration list for PBXNativeTarget "C++增强部分" */ = {
			isa = XCConfigurationList;
			buildConfigurations = (
				81FF86ED23D7EBA800613B77 /* Debug */,
				81FF86EE23D7EBA800613B77 /* Release */,
			);
			defaultConfigurationIsVisible = 0;
			defaultConfigurationName = Release;
		};
/* End XCConfigurationList section */
	};
	rootObject = 81B11D6E23D09ADE00B8B244 /* Project object */;
}
